PODS:
  - Cartography (3.1.0)
  - CouchbaseLite-Swift-Enterprise (2.1.1)
  - Firebase/Core (5.2.0):
    - Firebase/CoreOnly
    - FirebaseAnalytics (= 5.0.1)
  - Firebase/CoreOnly (5.2.0):
    - FirebaseCore (= 5.0.3)
  - Firebase/Database (5.2.0):
    - Firebase/CoreOnly
    - FirebaseDatabase (= 5.0.1)
  - Firebase/Storage (5.2.0):
    - Firebase/CoreOnly
    - FirebaseStorage (= 3.0.0)
  - FirebaseAnalytics (5.0.1):
    - FirebaseCore (~> 5.0)
    - FirebaseInstanceID (~> 3.0)
    - "GoogleToolboxForMac/NSData+zlib (~> 2.1)"
    - nanopb (~> 0.3)
  - FirebaseCore (5.0.3):
    - "GoogleToolboxForMac/NSData+zlib (~> 2.1)"
  - FirebaseDatabase (5.0.1):
    - FirebaseCore (~> 5.0)
    - leveldb-library (~> 1.18)
  - FirebaseInstanceID (3.1.1):
    - FirebaseCore (~> 5.0)
  - FirebaseStorage (3.0.0):
    - FirebaseCore (~> 5.0)
    - GTMSessionFetcher/Core (~> 1.1)
  - FirebaseUI/Storage (5.2.2):
    - Firebase/Storage (~> 5.0)
    - SDWebImage (~> 4.0)
  - GoogleToolboxForMac/Defines (2.1.4)
  - "GoogleToolboxForMac/NSData+zlib (2.1.4)":
    - GoogleToolboxForMac/Defines (= 2.1.4)
  - GTMSessionFetcher/Core (1.2.0)
  - leveldb-library (1.20)
  - nanopb (0.3.8):
    - nanopb/decode (= 0.3.8)
    - nanopb/encode (= 0.3.8)
  - nanopb/decode (0.3.8)
  - nanopb/encode (0.3.8)
  - ReachabilitySwift (4.2.1)
  - SDWebImage (4.4.2):
    - SDWebImage/Core (= 4.4.2)
  - SDWebImage/Core (4.4.2)

DEPENDENCIES:
  - Cartography
  - CouchbaseLite-Swift-Enterprise
  - Firebase/Core (= 5.2.0)
  - Firebase/Database
  - Firebase/Storage
  - FirebaseUI/Storage
  - ReachabilitySwift

SPEC REPOS:
  https://github.com/cocoapods/specs.git:
    - Cartography
    - CouchbaseLite-Swift-Enterprise
    - Firebase
    - FirebaseAnalytics
    - FirebaseCore
    - FirebaseDatabase
    - FirebaseInstanceID
    - FirebaseStorage
    - FirebaseUI
    - GoogleToolboxForMac
    - GTMSessionFetcher
    - leveldb-library
    - nanopb
    - ReachabilitySwift
    - SDWebImage

SPEC CHECKSUMS:
  Cartography: 1988b7578871a56c036e7af17195cb2190edf18c
  CouchbaseLite-Swift-Enterprise: b9bef10e618ca648119c1bf10f85f7eec2daa4b7
  Firebase: 25ed0412036d7d008568d1fb4d2e9d81ea8a0a2c
  FirebaseAnalytics: b3628aea54c50464c32c393fb2ea032566e7ecc2
  FirebaseCore: a3c87242451633fff8490183898075ce77d168d2
  FirebaseDatabase: 482bad9c2abd422bb2321194fb8c937e67426a89
  FirebaseInstanceID: f3f0657372592ecdfdfe2cac604a5a75758376a6
  FirebaseStorage: 7ca4bb7b58a25fa647b04f524033fc7cb7eb272b
  FirebaseUI: 09519bf436a055cd696bf68687d624423150e4c0
  GoogleToolboxForMac: 91c824d21e85b31c2aae9bb011c5027c9b4e738f
  GTMSessionFetcher: 0c4baf0a73acd0041bf9f71ea018deedab5ea84e
  leveldb-library: 08cba283675b7ed2d99629a4bc5fd052cd2bb6a5
  nanopb: 5601e6bca2dbf1ed831b519092ec110f66982ca3
  ReachabilitySwift: 35720ffea59c1c76d15f885be77fd33e33985427
  SDWebImage: 624d6e296c69b244bcede364c72ae0430ac14681

PODFILE CHECKSUM: 97ae6ca58f5a5779a3874fcc912c87b8cef3afad

COCOAPODS: 1.6.0.beta.1
