// !$*UTF8*$!
{
	archiveVersion = 1;
	classes = {
	};
	objectVersion = 50;
	objects = {

/* Begin PBXBuildFile section */
		0822303F212799EA00B7FBF2 /* APIConstants.swift in Sources */ = {isa = PBXBuildFile; fileRef = 0822303E212799EA00B7FBF2 /* APIConstants.swift */; };
		0822304121279FD200B7FBF2 /* ResourceNeedsListViewController.swift in Sources */ = {isa = PBXBuildFile; fileRef = 0822304021279FD200B7FBF2 /* ResourceNeedsListViewController.swift */; };
		082230442127A72F00B7FBF2 /* Overlay.swift in Sources */ = {isa = PBXBuildFile; fileRef = 082230432127A72F00B7FBF2 /* Overlay.swift */; };
		082230462127CB8700B7FBF2 /* ResultOptimizer.swift in Sources */ = {isa = PBXBuildFile; fileRef = 082230452127CB8700B7FBF2 /* ResultOptimizer.swift */; };
		0822304B2127E6F400B7FBF2 /* RAAddressTypeahead.swift in Sources */ = {isa = PBXBuildFile; fileRef = 0822304A2127E6F400B7FBF2 /* RAAddressTypeahead.swift */; };
		0822304D2127E7F500B7FBF2 /* Utility.swift in Sources */ = {isa = PBXBuildFile; fileRef = 0822304C2127E7F500B7FBF2 /* Utility.swift */; };
		082235F9212A5FD000D2808D /* Info.plist in Resources */ = {isa = PBXBuildFile; fileRef = 082235F8212A5FD000D2808D /* Info.plist */; };
		082235FE212A604E00D2808D /* InfoPlist.strings in Resources */ = {isa = PBXBuildFile; fileRef = 082235FC212A604E00D2808D /* InfoPlist.strings */; };
		0864D51E212A45EC00DE403D /* OfflineData.plist in Resources */ = {isa = PBXBuildFile; fileRef = 0864D51D212A45EC00DE403D /* OfflineData.plist */; };
		0864D523212A53AE00DE403D /* Localizable.strings in Resources */ = {isa = PBXBuildFile; fileRef = 0864D525212A53AE00DE403D /* Localizable.strings */; };
		08FDDE5F2129F9D0006B84BE /* RequestsDictionary.swift in Sources */ = {isa = PBXBuildFile; fileRef = 08FDDE5E2129F9D0006B84BE /* RequestsDictionary.swift */; };
		28386F612128191E0012F429 /* TagCollectionViewCell.xib in Resources */ = {isa = PBXBuildFile; fileRef = 28386F5D2128191E0012F429 /* TagCollectionViewCell.xib */; };
		28386F622128191E0012F429 /* TagCollectionViewCell.swift in Sources */ = {isa = PBXBuildFile; fileRef = 28386F5E2128191E0012F429 /* TagCollectionViewCell.swift */; };
		28386F632128191E0012F429 /* RescueSearchView.swift in Sources */ = {isa = PBXBuildFile; fileRef = 28386F5F2128191E0012F429 /* RescueSearchView.swift */; };
		28386F642128191E0012F429 /* TagFlowLayout.swift in Sources */ = {isa = PBXBuildFile; fileRef = 28386F602128191E0012F429 /* TagFlowLayout.swift */; };
		3F9FC6EAED58CD1EE4698A0E /* Pods_RescueAppTests.framework in Frameworks */ = {isa = PBXBuildFile; fileRef = 1CE4AA0045A339F04DBAB0DA /* Pods_RescueAppTests.framework */; };
		62AC70FEEF4DD6944AFBD284 /* Pods_RescueAppUITests.framework in Frameworks */ = {isa = PBXBuildFile; fileRef = 662EF3BA2C627D0A61CDF329 /* Pods_RescueAppUITests.framework */; };
		75DA37292127EF6E00A9D00A /* ListViewCell.swift in Sources */ = {isa = PBXBuildFile; fileRef = 75DA37282127EF6E00A9D00A /* ListViewCell.swift */; };
		75DA372B2127FEC000A9D00A /* RAAnnotationView.swift in Sources */ = {isa = PBXBuildFile; fileRef = 75DA372A2127FEC000A9D00A /* RAAnnotationView.swift */; };
		75DA372D2127FF0A00A9D00A /* RACustomView.swift in Sources */ = {isa = PBXBuildFile; fileRef = 75DA372C2127FF0A00A9D00A /* RACustomView.swift */; };
		75DA372F2127FF1600A9D00A /* RACustomView.xib in Resources */ = {isa = PBXBuildFile; fileRef = 75DA372E2127FF1600A9D00A /* RACustomView.xib */; };
		75DA37372128A0DC00A9D00A /* ResourseNeedsDetailViewController.swift in Sources */ = {isa = PBXBuildFile; fileRef = 75DA37362128A0DC00A9D00A /* ResourseNeedsDetailViewController.swift */; };
		ACC4BDC9B27F0806EBB0AB63 /* Pods_RescueApp.framework in Frameworks */ = {isa = PBXBuildFile; fileRef = 59D2A431FA5AD15EF5F0D3EB /* Pods_RescueApp.framework */; };
		E9DBF96A2127806700CFD933 /* AppDelegate.swift in Sources */ = {isa = PBXBuildFile; fileRef = E9DBF9692127806700CFD933 /* AppDelegate.swift */; };
		E9DBF96C2127806700CFD933 /* HomeViewController.swift in Sources */ = {isa = PBXBuildFile; fileRef = E9DBF96B2127806700CFD933 /* HomeViewController.swift */; };
		E9DBF96F2127806700CFD933 /* Main.storyboard in Resources */ = {isa = PBXBuildFile; fileRef = E9DBF96D2127806700CFD933 /* Main.storyboard */; };
		E9DBF9712127806A00CFD933 /* Assets.xcassets in Resources */ = {isa = PBXBuildFile; fileRef = E9DBF9702127806A00CFD933 /* Assets.xcassets */; };
		E9DBF9742127806A00CFD933 /* LaunchScreen.storyboard in Resources */ = {isa = PBXBuildFile; fileRef = E9DBF9722127806A00CFD933 /* LaunchScreen.storyboard */; };
		E9DBF97F2127806A00CFD933 /* RescueAppTests.swift in Sources */ = {isa = PBXBuildFile; fileRef = E9DBF97E2127806A00CFD933 /* RescueAppTests.swift */; };
		E9DBF98A2127806A00CFD933 /* RescueAppUITests.swift in Sources */ = {isa = PBXBuildFile; fileRef = E9DBF9892127806A00CFD933 /* RescueAppUITests.swift */; };
		E9DBF99A2127829000CFD933 /* ResourceNeedsMapViewController.swift in Sources */ = {isa = PBXBuildFile; fileRef = E9DBF9992127829000CFD933 /* ResourceNeedsMapViewController.swift */; };
		E9DBF99D2127846E00CFD933 /* RequestModel.swift in Sources */ = {isa = PBXBuildFile; fileRef = E9DBF99C2127846E00CFD933 /* RequestModel.swift */; };
		E9DBF99F212785E000CFD933 /* DistrictEnum.swift in Sources */ = {isa = PBXBuildFile; fileRef = E9DBF99E212785E000CFD933 /* DistrictEnum.swift */; };
		E9DBF9A22127872A00CFD933 /* ApiClient.swift in Sources */ = {isa = PBXBuildFile; fileRef = E9DBF9A12127872A00CFD933 /* ApiClient.swift */; };
/* End PBXBuildFile section */

/* Begin PBXContainerItemProxy section */
		E9DBF97B2127806A00CFD933 /* PBXContainerItemProxy */ = {
			isa = PBXContainerItemProxy;
			containerPortal = E9DBF95E2127806700CFD933 /* Project object */;
			proxyType = 1;
			remoteGlobalIDString = E9DBF9652127806700CFD933;
			remoteInfo = RescueApp;
		};
		E9DBF9862127806A00CFD933 /* PBXContainerItemProxy */ = {
			isa = PBXContainerItemProxy;
			containerPortal = E9DBF95E2127806700CFD933 /* Project object */;
			proxyType = 1;
			remoteGlobalIDString = E9DBF9652127806700CFD933;
			remoteInfo = RescueApp;
		};
/* End PBXContainerItemProxy section */

/* Begin PBXCopyFilesBuildPhase section */
		082230592127FF3100B7FBF2 /* Embed Frameworks */ = {
			isa = PBXCopyFilesBuildPhase;
			buildActionMask = 2147483647;
			dstPath = "";
			dstSubfolderSpec = 10;
			files = (
			);
			name = "Embed Frameworks";
			runOnlyForDeploymentPostprocessing = 0;
		};
/* End PBXCopyFilesBuildPhase section */

/* Begin PBXFileReference section */
		0822303E212799EA00B7FBF2 /* APIConstants.swift */ = {isa = PBXFileReference; lastKnownFileType = sourcecode.swift; path = APIConstants.swift; sourceTree = "<group>"; };
		0822304021279FD200B7FBF2 /* ResourceNeedsListViewController.swift */ = {isa = PBXFileReference; lastKnownFileType = sourcecode.swift; path = ResourceNeedsListViewController.swift; sourceTree = "<group>"; };
		082230432127A72F00B7FBF2 /* Overlay.swift */ = {isa = PBXFileReference; lastKnownFileType = sourcecode.swift; path = Overlay.swift; sourceTree = "<group>"; };
		082230452127CB8700B7FBF2 /* ResultOptimizer.swift */ = {isa = PBXFileReference; lastKnownFileType = sourcecode.swift; path = ResultOptimizer.swift; sourceTree = "<group>"; };
		0822304A2127E6F400B7FBF2 /* RAAddressTypeahead.swift */ = {isa = PBXFileReference; fileEncoding = 4; lastKnownFileType = sourcecode.swift; path = RAAddressTypeahead.swift; sourceTree = "<group>"; };
		0822304C2127E7F500B7FBF2 /* Utility.swift */ = {isa = PBXFileReference; fileEncoding = 4; lastKnownFileType = sourcecode.swift; path = Utility.swift; sourceTree = "<group>"; };
		082235F8212A5FD000D2808D /* Info.plist */ = {isa = PBXFileReference; fileEncoding = 4; lastKnownFileType = text.plist.xml; path = Info.plist; sourceTree = "<group>"; };
		082235FD212A604E00D2808D /* Base */ = {isa = PBXFileReference; lastKnownFileType = text.plist.strings; name = Base; path = Base.lproj/InfoPlist.strings; sourceTree = "<group>"; };
		082235FF212A607000D2808D /* ml-IN */ = {isa = PBXFileReference; lastKnownFileType = text.plist.strings; name = "ml-IN"; path = "ml-IN.lproj/InfoPlist.strings"; sourceTree = "<group>"; };
		0864D51D212A45EC00DE403D /* OfflineData.plist */ = {isa = PBXFileReference; lastKnownFileType = text.plist.xml; path = OfflineData.plist; sourceTree = "<group>"; };
		0864D51F212A537400DE403D /* ml-IN */ = {isa = PBXFileReference; lastKnownFileType = text.plist.strings; name = "ml-IN"; path = "ml-IN.lproj/Main.strings"; sourceTree = "<group>"; };
		0864D520212A537400DE403D /* ml-IN */ = {isa = PBXFileReference; lastKnownFileType = text.plist.strings; name = "ml-IN"; path = "ml-IN.lproj/LaunchScreen.strings"; sourceTree = "<group>"; };
		0864D524212A53AE00DE403D /* ml-IN */ = {isa = PBXFileReference; lastKnownFileType = text.plist.strings; name = "ml-IN"; path = "ml-IN.lproj/Localizable.strings"; sourceTree = "<group>"; };
		0864D526212A53E200DE403D /* Base */ = {isa = PBXFileReference; lastKnownFileType = text.plist.strings; name = Base; path = Base.lproj/Localizable.strings; sourceTree = "<group>"; };
		08FDDE5E2129F9D0006B84BE /* RequestsDictionary.swift */ = {isa = PBXFileReference; lastKnownFileType = sourcecode.swift; path = RequestsDictionary.swift; sourceTree = "<group>"; };
		0C95AB2BC92A00D878E0C564 /* Pods-RescueAppUITests.debug.xcconfig */ = {isa = PBXFileReference; includeInIndex = 1; lastKnownFileType = text.xcconfig; name = "Pods-RescueAppUITests.debug.xcconfig"; path = "Pods/Target Support Files/Pods-RescueAppUITests/Pods-RescueAppUITests.debug.xcconfig"; sourceTree = "<group>"; };
		1CE4AA0045A339F04DBAB0DA /* Pods_RescueAppTests.framework */ = {isa = PBXFileReference; explicitFileType = wrapper.framework; includeInIndex = 0; path = Pods_RescueAppTests.framework; sourceTree = BUILT_PRODUCTS_DIR; };
		28386F5D2128191E0012F429 /* TagCollectionViewCell.xib */ = {isa = PBXFileReference; fileEncoding = 4; lastKnownFileType = file.xib; path = TagCollectionViewCell.xib; sourceTree = "<group>"; };
		28386F5E2128191E0012F429 /* TagCollectionViewCell.swift */ = {isa = PBXFileReference; fileEncoding = 4; lastKnownFileType = sourcecode.swift; path = TagCollectionViewCell.swift; sourceTree = "<group>"; };
		28386F5F2128191E0012F429 /* RescueSearchView.swift */ = {isa = PBXFileReference; fileEncoding = 4; lastKnownFileType = sourcecode.swift; path = RescueSearchView.swift; sourceTree = "<group>"; };
		28386F602128191E0012F429 /* TagFlowLayout.swift */ = {isa = PBXFileReference; fileEncoding = 4; lastKnownFileType = sourcecode.swift; path = TagFlowLayout.swift; sourceTree = "<group>"; };
		59D2A431FA5AD15EF5F0D3EB /* Pods_RescueApp.framework */ = {isa = PBXFileReference; explicitFileType = wrapper.framework; includeInIndex = 0; path = Pods_RescueApp.framework; sourceTree = BUILT_PRODUCTS_DIR; };
		662EF3BA2C627D0A61CDF329 /* Pods_RescueAppUITests.framework */ = {isa = PBXFileReference; explicitFileType = wrapper.framework; includeInIndex = 0; path = Pods_RescueAppUITests.framework; sourceTree = BUILT_PRODUCTS_DIR; };
		75DA37282127EF6E00A9D00A /* ListViewCell.swift */ = {isa = PBXFileReference; lastKnownFileType = sourcecode.swift; path = ListViewCell.swift; sourceTree = "<group>"; };
		75DA372A2127FEC000A9D00A /* RAAnnotationView.swift */ = {isa = PBXFileReference; fileEncoding = 4; lastKnownFileType = sourcecode.swift; path = RAAnnotationView.swift; sourceTree = "<group>"; };
		75DA372C2127FF0A00A9D00A /* RACustomView.swift */ = {isa = PBXFileReference; fileEncoding = 4; lastKnownFileType = sourcecode.swift; path = RACustomView.swift; sourceTree = "<group>"; };
		75DA372E2127FF1600A9D00A /* RACustomView.xib */ = {isa = PBXFileReference; fileEncoding = 4; lastKnownFileType = file.xib; path = RACustomView.xib; sourceTree = "<group>"; };
		75DA37362128A0DC00A9D00A /* ResourseNeedsDetailViewController.swift */ = {isa = PBXFileReference; fileEncoding = 4; lastKnownFileType = sourcecode.swift; path = ResourseNeedsDetailViewController.swift; sourceTree = "<group>"; };
		7F0350EC64490B12D85ED635 /* Pods-RescueAppTests.release.xcconfig */ = {isa = PBXFileReference; includeInIndex = 1; lastKnownFileType = text.xcconfig; name = "Pods-RescueAppTests.release.xcconfig"; path = "Pods/Target Support Files/Pods-RescueAppTests/Pods-RescueAppTests.release.xcconfig"; sourceTree = "<group>"; };
		A59EEFF9F5B713B364EE93C6 /* Pods-RescueApp.debug.xcconfig */ = {isa = PBXFileReference; includeInIndex = 1; lastKnownFileType = text.xcconfig; name = "Pods-RescueApp.debug.xcconfig"; path = "Pods/Target Support Files/Pods-RescueApp/Pods-RescueApp.debug.xcconfig"; sourceTree = "<group>"; };
		A5E416EC82330986E089BA2C /* Pods-RescueAppTests.debug.xcconfig */ = {isa = PBXFileReference; includeInIndex = 1; lastKnownFileType = text.xcconfig; name = "Pods-RescueAppTests.debug.xcconfig"; path = "Pods/Target Support Files/Pods-RescueAppTests/Pods-RescueAppTests.debug.xcconfig"; sourceTree = "<group>"; };
		B2A1D660814759FDB289EA02 /* Pods-RescueApp.release.xcconfig */ = {isa = PBXFileReference; includeInIndex = 1; lastKnownFileType = text.xcconfig; name = "Pods-RescueApp.release.xcconfig"; path = "Pods/Target Support Files/Pods-RescueApp/Pods-RescueApp.release.xcconfig"; sourceTree = "<group>"; };
		E9DBF9662127806700CFD933 /* RescueApp.app */ = {isa = PBXFileReference; explicitFileType = wrapper.application; includeInIndex = 0; path = RescueApp.app; sourceTree = BUILT_PRODUCTS_DIR; };
		E9DBF9692127806700CFD933 /* AppDelegate.swift */ = {isa = PBXFileReference; lastKnownFileType = sourcecode.swift; path = AppDelegate.swift; sourceTree = "<group>"; };
		E9DBF96B2127806700CFD933 /* HomeViewController.swift */ = {isa = PBXFileReference; lastKnownFileType = sourcecode.swift; path = HomeViewController.swift; sourceTree = "<group>"; };
		E9DBF96E2127806700CFD933 /* Base */ = {isa = PBXFileReference; lastKnownFileType = file.storyboard; name = Base; path = Base.lproj/Main.storyboard; sourceTree = "<group>"; };
		E9DBF9702127806A00CFD933 /* Assets.xcassets */ = {isa = PBXFileReference; lastKnownFileType = folder.assetcatalog; path = Assets.xcassets; sourceTree = "<group>"; };
		E9DBF9732127806A00CFD933 /* Base */ = {isa = PBXFileReference; lastKnownFileType = file.storyboard; name = Base; path = Base.lproj/LaunchScreen.storyboard; sourceTree = "<group>"; };
		E9DBF97A2127806A00CFD933 /* RescueAppTests.xctest */ = {isa = PBXFileReference; explicitFileType = wrapper.cfbundle; includeInIndex = 0; path = RescueAppTests.xctest; sourceTree = BUILT_PRODUCTS_DIR; };
		E9DBF97E2127806A00CFD933 /* RescueAppTests.swift */ = {isa = PBXFileReference; lastKnownFileType = sourcecode.swift; path = RescueAppTests.swift; sourceTree = "<group>"; };
		E9DBF9802127806A00CFD933 /* Info.plist */ = {isa = PBXFileReference; lastKnownFileType = text.plist.xml; path = Info.plist; sourceTree = "<group>"; };
		E9DBF9852127806A00CFD933 /* RescueAppUITests.xctest */ = {isa = PBXFileReference; explicitFileType = wrapper.cfbundle; includeInIndex = 0; path = RescueAppUITests.xctest; sourceTree = BUILT_PRODUCTS_DIR; };
		E9DBF9892127806A00CFD933 /* RescueAppUITests.swift */ = {isa = PBXFileReference; lastKnownFileType = sourcecode.swift; path = RescueAppUITests.swift; sourceTree = "<group>"; };
		E9DBF98B2127806A00CFD933 /* Info.plist */ = {isa = PBXFileReference; lastKnownFileType = text.plist.xml; path = Info.plist; sourceTree = "<group>"; };
		E9DBF9992127829000CFD933 /* ResourceNeedsMapViewController.swift */ = {isa = PBXFileReference; lastKnownFileType = sourcecode.swift; path = ResourceNeedsMapViewController.swift; sourceTree = "<group>"; };
		E9DBF99C2127846E00CFD933 /* RequestModel.swift */ = {isa = PBXFileReference; lastKnownFileType = sourcecode.swift; path = RequestModel.swift; sourceTree = "<group>"; };
		E9DBF99E212785E000CFD933 /* DistrictEnum.swift */ = {isa = PBXFileReference; lastKnownFileType = sourcecode.swift; path = DistrictEnum.swift; sourceTree = "<group>"; };
		E9DBF9A12127872A00CFD933 /* ApiClient.swift */ = {isa = PBXFileReference; lastKnownFileType = sourcecode.swift; path = ApiClient.swift; sourceTree = "<group>"; };
		F4846D0D0422408AF15B81C8 /* Pods-RescueAppUITests.release.xcconfig */ = {isa = PBXFileReference; includeInIndex = 1; lastKnownFileType = text.xcconfig; name = "Pods-RescueAppUITests.release.xcconfig"; path = "Pods/Target Support Files/Pods-RescueAppUITests/Pods-RescueAppUITests.release.xcconfig"; sourceTree = "<group>"; };
/* End PBXFileReference section */

/* Begin PBXFrameworksBuildPhase section */
		E9DBF9632127806700CFD933 /* Frameworks */ = {
			isa = PBXFrameworksBuildPhase;
			buildActionMask = 2147483647;
			files = (
				ACC4BDC9B27F0806EBB0AB63 /* Pods_RescueApp.framework in Frameworks */,
			);
			runOnlyForDeploymentPostprocessing = 0;
		};
		E9DBF9772127806A00CFD933 /* Frameworks */ = {
			isa = PBXFrameworksBuildPhase;
			buildActionMask = 2147483647;
			files = (
				3F9FC6EAED58CD1EE4698A0E /* Pods_RescueAppTests.framework in Frameworks */,
			);
			runOnlyForDeploymentPostprocessing = 0;
		};
		E9DBF9822127806A00CFD933 /* Frameworks */ = {
			isa = PBXFrameworksBuildPhase;
			buildActionMask = 2147483647;
			files = (
				62AC70FEEF4DD6944AFBD284 /* Pods_RescueAppUITests.framework in Frameworks */,
			);
			runOnlyForDeploymentPostprocessing = 0;
		};
/* End PBXFrameworksBuildPhase section */

/* Begin PBXGroup section */
		001922F9B4C4E5274D8963B1 /* Frameworks */ = {
			isa = PBXGroup;
			children = (
				59D2A431FA5AD15EF5F0D3EB /* Pods_RescueApp.framework */,
				1CE4AA0045A339F04DBAB0DA /* Pods_RescueAppTests.framework */,
				662EF3BA2C627D0A61CDF329 /* Pods_RescueAppUITests.framework */,
			);
			name = Frameworks;
			sourceTree = "<group>";
		};
		082230422127A71A00B7FBF2 /* Utility */ = {
			isa = PBXGroup;
			children = (
				0822304C2127E7F500B7FBF2 /* Utility.swift */,
				082230432127A72F00B7FBF2 /* Overlay.swift */,
				0864D51D212A45EC00DE403D /* OfflineData.plist */,
			);
			path = Utility;
			sourceTree = "<group>";
		};
		082230492127E6F400B7FBF2 /* View */ = {
			isa = PBXGroup;
			children = (
				0822304A2127E6F400B7FBF2 /* RAAddressTypeahead.swift */,
				75DA372A2127FEC000A9D00A /* RAAnnotationView.swift */,
				75DA372C2127FF0A00A9D00A /* RACustomView.swift */,
				75DA372E2127FF1600A9D00A /* RACustomView.xib */,
				75DA37282127EF6E00A9D00A /* ListViewCell.swift */,
			);
			path = View;
			sourceTree = "<group>";
		};
		28386F5C212818B10012F429 /* Search */ = {
			isa = PBXGroup;
			children = (
				28386F5F2128191E0012F429 /* RescueSearchView.swift */,
				28386F5E2128191E0012F429 /* TagCollectionViewCell.swift */,
				28386F5D2128191E0012F429 /* TagCollectionViewCell.xib */,
				28386F602128191E0012F429 /* TagFlowLayout.swift */,
			);
			path = Search;
			sourceTree = "<group>";
		};
		CF80C57E1A4D85E98007ACEE /* Pods */ = {
			isa = PBXGroup;
			children = (
				0C95AB2BC92A00D878E0C564 /* Pods-RescueAppUITests.debug.xcconfig */,
				F4846D0D0422408AF15B81C8 /* Pods-RescueAppUITests.release.xcconfig */,
				A59EEFF9F5B713B364EE93C6 /* Pods-RescueApp.debug.xcconfig */,
				B2A1D660814759FDB289EA02 /* Pods-RescueApp.release.xcconfig */,
				A5E416EC82330986E089BA2C /* Pods-RescueAppTests.debug.xcconfig */,
				7F0350EC64490B12D85ED635 /* Pods-RescueAppTests.release.xcconfig */,
			);
			name = Pods;
			sourceTree = "<group>";
		};
		E9DBF95D2127806700CFD933 = {
			isa = PBXGroup;
			children = (
				E9DBF9682127806700CFD933 /* RescueApp */,
				E9DBF97D2127806A00CFD933 /* RescueAppTests */,
				E9DBF9882127806A00CFD933 /* RescueAppUITests */,
				E9DBF9672127806700CFD933 /* Products */,
				CF80C57E1A4D85E98007ACEE /* Pods */,
				001922F9B4C4E5274D8963B1 /* Frameworks */,
			);
			sourceTree = "<group>";
		};
		E9DBF9672127806700CFD933 /* Products */ = {
			isa = PBXGroup;
			children = (
				E9DBF9662127806700CFD933 /* RescueApp.app */,
				E9DBF97A2127806A00CFD933 /* RescueAppTests.xctest */,
				E9DBF9852127806A00CFD933 /* RescueAppUITests.xctest */,
			);
			name = Products;
			sourceTree = "<group>";
		};
		E9DBF9682127806700CFD933 /* RescueApp */ = {
			isa = PBXGroup;
			children = (
				082235FC212A604E00D2808D /* InfoPlist.strings */,
				082235F8212A5FD000D2808D /* Info.plist */,
				28386F5C212818B10012F429 /* Search */,
				082230492127E6F400B7FBF2 /* View */,
				082230422127A71A00B7FBF2 /* Utility */,
				E9DBF9A02127871100CFD933 /* Network */,
				E9DBF99B2127844100CFD933 /* Model */,
				E9DBF9692127806700CFD933 /* AppDelegate.swift */,
				E9DBF96B2127806700CFD933 /* HomeViewController.swift */,
				E9DBF96D2127806700CFD933 /* Main.storyboard */,
				E9DBF9702127806A00CFD933 /* Assets.xcassets */,
				E9DBF9722127806A00CFD933 /* LaunchScreen.storyboard */,
				E9DBF9992127829000CFD933 /* ResourceNeedsMapViewController.swift */,
				0822304021279FD200B7FBF2 /* ResourceNeedsListViewController.swift */,
				75DA37362128A0DC00A9D00A /* ResourseNeedsDetailViewController.swift */,
				0864D525212A53AE00DE403D /* Localizable.strings */,
			);
			path = RescueApp;
			sourceTree = "<group>";
		};
		E9DBF97D2127806A00CFD933 /* RescueAppTests */ = {
			isa = PBXGroup;
			children = (
				E9DBF97E2127806A00CFD933 /* RescueAppTests.swift */,
				E9DBF9802127806A00CFD933 /* Info.plist */,
			);
			path = RescueAppTests;
			sourceTree = "<group>";
		};
		E9DBF9882127806A00CFD933 /* RescueAppUITests */ = {
			isa = PBXGroup;
			children = (
				E9DBF9892127806A00CFD933 /* RescueAppUITests.swift */,
				E9DBF98B2127806A00CFD933 /* Info.plist */,
			);
			path = RescueAppUITests;
			sourceTree = "<group>";
		};
		E9DBF99B2127844100CFD933 /* Model */ = {
			isa = PBXGroup;
			children = (
				E9DBF99C2127846E00CFD933 /* RequestModel.swift */,
				E9DBF99E212785E000CFD933 /* DistrictEnum.swift */,
				082230452127CB8700B7FBF2 /* ResultOptimizer.swift */,
				08FDDE5E2129F9D0006B84BE /* RequestsDictionary.swift */,
			);
			path = Model;
			sourceTree = "<group>";
		};
		E9DBF9A02127871100CFD933 /* Network */ = {
			isa = PBXGroup;
			children = (
				E9DBF9A12127872A00CFD933 /* ApiClient.swift */,
				0822303E212799EA00B7FBF2 /* APIConstants.swift */,
			);
			path = Network;
			sourceTree = "<group>";
		};
/* End PBXGroup section */

/* Begin PBXNativeTarget section */
		E9DBF9652127806700CFD933 /* RescueApp */ = {
			isa = PBXNativeTarget;
			buildConfigurationList = E9DBF98E2127806A00CFD933 /* Build configuration list for PBXNativeTarget "RescueApp" */;
			buildPhases = (
				B3315E8EF01F719621179E2D /* [CP] Check Pods Manifest.lock */,
				E9DBF9622127806700CFD933 /* Sources */,
				E9DBF9632127806700CFD933 /* Frameworks */,
				E9DBF9642127806700CFD933 /* Resources */,
				082230592127FF3100B7FBF2 /* Embed Frameworks */,
				BDC1DF00302F67205D1454CF /* [CP] Embed Pods Frameworks */,
			);
			buildRules = (
			);
			dependencies = (
			);
			name = RescueApp;
			productName = RescueApp;
			productReference = E9DBF9662127806700CFD933 /* RescueApp.app */;
			productType = "com.apple.product-type.application";
		};
		E9DBF9792127806A00CFD933 /* RescueAppTests */ = {
			isa = PBXNativeTarget;
			buildConfigurationList = E9DBF9912127806A00CFD933 /* Build configuration list for PBXNativeTarget "RescueAppTests" */;
			buildPhases = (
				564DF0EC5EB34AB43CEE5090 /* [CP] Check Pods Manifest.lock */,
				E9DBF9762127806A00CFD933 /* Sources */,
				E9DBF9772127806A00CFD933 /* Frameworks */,
				E9DBF9782127806A00CFD933 /* Resources */,
			);
			buildRules = (
			);
			dependencies = (
				E9DBF97C2127806A00CFD933 /* PBXTargetDependency */,
			);
			name = RescueAppTests;
			productName = RescueAppTests;
			productReference = E9DBF97A2127806A00CFD933 /* RescueAppTests.xctest */;
			productType = "com.apple.product-type.bundle.unit-test";
		};
		E9DBF9842127806A00CFD933 /* RescueAppUITests */ = {
			isa = PBXNativeTarget;
			buildConfigurationList = E9DBF9942127806A00CFD933 /* Build configuration list for PBXNativeTarget "RescueAppUITests" */;
			buildPhases = (
				3F063942D5864832A6622671 /* [CP] Check Pods Manifest.lock */,
				E9DBF9812127806A00CFD933 /* Sources */,
				E9DBF9822127806A00CFD933 /* Frameworks */,
				E9DBF9832127806A00CFD933 /* Resources */,
			);
			buildRules = (
			);
			dependencies = (
				E9DBF9872127806A00CFD933 /* PBXTargetDependency */,
			);
			name = RescueAppUITests;
			productName = RescueAppUITests;
			productReference = E9DBF9852127806A00CFD933 /* RescueAppUITests.xctest */;
			productType = "com.apple.product-type.bundle.ui-testing";
		};
/* End PBXNativeTarget section */

/* Begin PBXProject section */
		E9DBF95E2127806700CFD933 /* Project object */ = {
			isa = PBXProject;
			attributes = {
				LastSwiftUpdateCheck = 0930;
				LastUpgradeCheck = 0930;
				ORGANIZATIONNAME = "Jayahari Vavachan";
				TargetAttributes = {
					E9DBF9652127806700CFD933 = {
						CreatedOnToolsVersion = 9.3.1;
					};
					E9DBF9792127806A00CFD933 = {
						CreatedOnToolsVersion = 9.3.1;
						TestTargetID = E9DBF9652127806700CFD933;
					};
					E9DBF9842127806A00CFD933 = {
						CreatedOnToolsVersion = 9.3.1;
						TestTargetID = E9DBF9652127806700CFD933;
					};
				};
			};
			buildConfigurationList = E9DBF9612127806700CFD933 /* Build configuration list for PBXProject "RescueApp" */;
			compatibilityVersion = "Xcode 9.3";
			developmentRegion = en;
			hasScannedForEncodings = 0;
			knownRegions = (
				en,
				Base,
				"ml-IN",
			);
			mainGroup = E9DBF95D2127806700CFD933;
			productRefGroup = E9DBF9672127806700CFD933 /* Products */;
			projectDirPath = "";
			projectRoot = "";
			targets = (
				E9DBF9652127806700CFD933 /* RescueApp */,
				E9DBF9792127806A00CFD933 /* RescueAppTests */,
				E9DBF9842127806A00CFD933 /* RescueAppUITests */,
			);
		};
/* End PBXProject section */

/* Begin PBXResourcesBuildPhase section */
		E9DBF9642127806700CFD933 /* Resources */ = {
			isa = PBXResourcesBuildPhase;
			buildActionMask = 2147483647;
			files = (
				082235F9212A5FD000D2808D /* Info.plist in Resources */,
				0864D51E212A45EC00DE403D /* OfflineData.plist in Resources */,
				E9DBF9742127806A00CFD933 /* LaunchScreen.storyboard in Resources */,
				E9DBF9712127806A00CFD933 /* Assets.xcassets in Resources */,
				0864D523212A53AE00DE403D /* Localizable.strings in Resources */,
				28386F612128191E0012F429 /* TagCollectionViewCell.xib in Resources */,
				75DA372F2127FF1600A9D00A /* RACustomView.xib in Resources */,
				082235FE212A604E00D2808D /* InfoPlist.strings in Resources */,
				E9DBF96F2127806700CFD933 /* Main.storyboard in Resources */,
			);
			runOnlyForDeploymentPostprocessing = 0;
		};
		E9DBF9782127806A00CFD933 /* Resources */ = {
			isa = PBXResourcesBuildPhase;
			buildActionMask = 2147483647;
			files = (
			);
			runOnlyForDeploymentPostprocessing = 0;
		};
		E9DBF9832127806A00CFD933 /* Resources */ = {
			isa = PBXResourcesBuildPhase;
			buildActionMask = 2147483647;
			files = (
			);
			runOnlyForDeploymentPostprocessing = 0;
		};
/* End PBXResourcesBuildPhase section */

/* Begin PBXShellScriptBuildPhase section */
		3F063942D5864832A6622671 /* [CP] Check Pods Manifest.lock */ = {
			isa = PBXShellScriptBuildPhase;
			buildActionMask = 2147483647;
			files = (
			);
			inputPaths = (
				"${PODS_PODFILE_DIR_PATH}/Podfile.lock",
				"${PODS_ROOT}/Manifest.lock",
			);
			name = "[CP] Check Pods Manifest.lock";
			outputPaths = (
				"$(DERIVED_FILE_DIR)/Pods-RescueAppUITests-checkManifestLockResult.txt",
			);
			runOnlyForDeploymentPostprocessing = 0;
			shellPath = /bin/sh;
			shellScript = "diff \"${PODS_PODFILE_DIR_PATH}/Podfile.lock\" \"${PODS_ROOT}/Manifest.lock\" > /dev/null\nif [ $? != 0 ] ; then\n    # print error to STDERR\n    echo \"error: The sandbox is not in sync with the Podfile.lock. Run 'pod install' or update your CocoaPods installation.\" >&2\n    exit 1\nfi\n# This output is used by Xcode 'outputs' to avoid re-running this script phase.\necho \"SUCCESS\" > \"${SCRIPT_OUTPUT_FILE_0}\"\n";
			showEnvVarsInLog = 0;
		};
		564DF0EC5EB34AB43CEE5090 /* [CP] Check Pods Manifest.lock */ = {
			isa = PBXShellScriptBuildPhase;
			buildActionMask = 2147483647;
			files = (
			);
			inputPaths = (
				"${PODS_PODFILE_DIR_PATH}/Podfile.lock",
				"${PODS_ROOT}/Manifest.lock",
			);
			name = "[CP] Check Pods Manifest.lock";
			outputPaths = (
				"$(DERIVED_FILE_DIR)/Pods-RescueAppTests-checkManifestLockResult.txt",
			);
			runOnlyForDeploymentPostprocessing = 0;
			shellPath = /bin/sh;
			shellScript = "diff \"${PODS_PODFILE_DIR_PATH}/Podfile.lock\" \"${PODS_ROOT}/Manifest.lock\" > /dev/null\nif [ $? != 0 ] ; then\n    # print error to STDERR\n    echo \"error: The sandbox is not in sync with the Podfile.lock. Run 'pod install' or update your CocoaPods installation.\" >&2\n    exit 1\nfi\n# This output is used by Xcode 'outputs' to avoid re-running this script phase.\necho \"SUCCESS\" > \"${SCRIPT_OUTPUT_FILE_0}\"\n";
			showEnvVarsInLog = 0;
		};
		B3315E8EF01F719621179E2D /* [CP] Check Pods Manifest.lock */ = {
			isa = PBXShellScriptBuildPhase;
			buildActionMask = 2147483647;
			files = (
			);
			inputPaths = (
				"${PODS_PODFILE_DIR_PATH}/Podfile.lock",
				"${PODS_ROOT}/Manifest.lock",
			);
			name = "[CP] Check Pods Manifest.lock";
			outputPaths = (
				"$(DERIVED_FILE_DIR)/Pods-RescueApp-checkManifestLockResult.txt",
			);
			runOnlyForDeploymentPostprocessing = 0;
			shellPath = /bin/sh;
			shellScript = "diff \"${PODS_PODFILE_DIR_PATH}/Podfile.lock\" \"${PODS_ROOT}/Manifest.lock\" > /dev/null\nif [ $? != 0 ] ; then\n    # print error to STDERR\n    echo \"error: The sandbox is not in sync with the Podfile.lock. Run 'pod install' or update your CocoaPods installation.\" >&2\n    exit 1\nfi\n# This output is used by Xcode 'outputs' to avoid re-running this script phase.\necho \"SUCCESS\" > \"${SCRIPT_OUTPUT_FILE_0}\"\n";
			showEnvVarsInLog = 0;
		};
		BDC1DF00302F67205D1454CF /* [CP] Embed Pods Frameworks */ = {
			isa = PBXShellScriptBuildPhase;
			buildActionMask = 2147483647;
			files = (
			);
			inputPaths = (
				"${SRCROOT}/Pods/Target Support Files/Pods-RescueApp/Pods-RescueApp-frameworks.sh",
				"${PODS_ROOT}/CouchbaseLite-Swift-Enterprise/iOS/CouchbaseLiteSwift.framework",
				"${PODS_ROOT}/CouchbaseLite-Swift-Enterprise/iOS/CouchbaseLiteSwift.framework.dSYM",
				"${BUILT_PRODUCTS_DIR}/ReachabilitySwift/Reachability.framework",
			);
			name = "[CP] Embed Pods Frameworks";
			outputPaths = (
				"${TARGET_BUILD_DIR}/${FRAMEWORKS_FOLDER_PATH}/CouchbaseLiteSwift.framework",
				"${DWARF_DSYM_FOLDER_PATH}/CouchbaseLiteSwift.framework.dSYM",
				"${TARGET_BUILD_DIR}/${FRAMEWORKS_FOLDER_PATH}/Reachability.framework",
			);
			runOnlyForDeploymentPostprocessing = 0;
			shellPath = /bin/sh;
			shellScript = "\"${SRCROOT}/Pods/Target Support Files/Pods-RescueApp/Pods-RescueApp-frameworks.sh\"\n";
			showEnvVarsInLog = 0;
		};
/* End PBXShellScriptBuildPhase section */

/* Begin PBXSourcesBuildPhase section */
		E9DBF9622127806700CFD933 /* Sources */ = {
			isa = PBXSourcesBuildPhase;
			buildActionMask = 2147483647;
			files = (
				E9DBF9A22127872A00CFD933 /* ApiClient.swift in Sources */,
				0822304B2127E6F400B7FBF2 /* RAAddressTypeahead.swift in Sources */,
				082230442127A72F00B7FBF2 /* Overlay.swift in Sources */,
				75DA372D2127FF0A00A9D00A /* RACustomView.swift in Sources */,
				75DA37292127EF6E00A9D00A /* ListViewCell.swift in Sources */,
				E9DBF99D2127846E00CFD933 /* RequestModel.swift in Sources */,
				0822304121279FD200B7FBF2 /* ResourceNeedsListViewController.swift in Sources */,
				E9DBF96C2127806700CFD933 /* HomeViewController.swift in Sources */,
				E9DBF99F212785E000CFD933 /* DistrictEnum.swift in Sources */,
				082230462127CB8700B7FBF2 /* ResultOptimizer.swift in Sources */,
				0822304D2127E7F500B7FBF2 /* Utility.swift in Sources */,
				75DA372B2127FEC000A9D00A /* RAAnnotationView.swift in Sources */,
				75DA37372128A0DC00A9D00A /* ResourseNeedsDetailViewController.swift in Sources */,
				08FDDE5F2129F9D0006B84BE /* RequestsDictionary.swift in Sources */,
				0822303F212799EA00B7FBF2 /* APIConstants.swift in Sources */,
				28386F642128191E0012F429 /* TagFlowLayout.swift in Sources */,
				28386F622128191E0012F429 /* TagCollectionViewCell.swift in Sources */,
				28386F632128191E0012F429 /* RescueSearchView.swift in Sources */,
				E9DBF96A2127806700CFD933 /* AppDelegate.swift in Sources */,
				E9DBF99A2127829000CFD933 /* ResourceNeedsMapViewController.swift in Sources */,
			);
			runOnlyForDeploymentPostprocessing = 0;
		};
		E9DBF9762127806A00CFD933 /* Sources */ = {
			isa = PBXSourcesBuildPhase;
			buildActionMask = 2147483647;
			files = (
				E9DBF97F2127806A00CFD933 /* RescueAppTests.swift in Sources */,
			);
			runOnlyForDeploymentPostprocessing = 0;
		};
		E9DBF9812127806A00CFD933 /* Sources */ = {
			isa = PBXSourcesBuildPhase;
			buildActionMask = 2147483647;
			files = (
				E9DBF98A2127806A00CFD933 /* RescueAppUITests.swift in Sources */,
			);
			runOnlyForDeploymentPostprocessing = 0;
		};
/* End PBXSourcesBuildPhase section */

/* Begin PBXTargetDependency section */
		E9DBF97C2127806A00CFD933 /* PBXTargetDependency */ = {
			isa = PBXTargetDependency;
			target = E9DBF9652127806700CFD933 /* RescueApp */;
			targetProxy = E9DBF97B2127806A00CFD933 /* PBXContainerItemProxy */;
		};
		E9DBF9872127806A00CFD933 /* PBXTargetDependency */ = {
			isa = PBXTargetDependency;
			target = E9DBF9652127806700CFD933 /* RescueApp */;
			targetProxy = E9DBF9862127806A00CFD933 /* PBXContainerItemProxy */;
		};
/* End PBXTargetDependency section */

/* Begin PBXVariantGroup section */
		082235FC212A604E00D2808D /* InfoPlist.strings */ = {
			isa = PBXVariantGroup;
			children = (
				082235FD212A604E00D2808D /* Base */,
				082235FF212A607000D2808D /* ml-IN */,
			);
			name = InfoPlist.strings;
			sourceTree = "<group>";
		};
		0864D525212A53AE00DE403D /* Localizable.strings */ = {
			isa = PBXVariantGroup;
			children = (
				0864D524212A53AE00DE403D /* ml-IN */,
				0864D526212A53E200DE403D /* Base */,
			);
			name = Localizable.strings;
			sourceTree = "<group>";
		};
		E9DBF96D2127806700CFD933 /* Main.storyboard */ = {
			isa = PBXVariantGroup;
			children = (
				E9DBF96E2127806700CFD933 /* Base */,
				0864D51F212A537400DE403D /* ml-IN */,
			);
			name = Main.storyboard;
			sourceTree = "<group>";
		};
		E9DBF9722127806A00CFD933 /* LaunchScreen.storyboard */ = {
			isa = PBXVariantGroup;
			children = (
				E9DBF9732127806A00CFD933 /* Base */,
				0864D520212A537400DE403D /* ml-IN */,
			);
			name = LaunchScreen.storyboard;
			sourceTree = "<group>";
		};
/* End PBXVariantGroup section */

/* Begin XCBuildConfiguration section */
		E9DBF98C2127806A00CFD933 /* Debug */ = {
			isa = XCBuildConfiguration;
			buildSettings = {
				ALWAYS_SEARCH_USER_PATHS = NO;
				CLANG_ANALYZER_LOCALIZABILITY_NONLOCALIZED = YES;
				CLANG_ANALYZER_NONNULL = YES;
				CLANG_ANALYZER_NUMBER_OBJECT_CONVERSION = YES_AGGRESSIVE;
				CLANG_CXX_LANGUAGE_STANDARD = "gnu++14";
				CLANG_CXX_LIBRARY = "libc++";
				CLANG_ENABLE_MODULES = YES;
				CLANG_ENABLE_OBJC_ARC = YES;
				CLANG_ENABLE_OBJC_WEAK = YES;
				CLANG_WARN_BLOCK_CAPTURE_AUTORELEASING = YES;
				CLANG_WARN_BOOL_CONVERSION = YES;
				CLANG_WARN_COMMA = YES;
				CLANG_WARN_CONSTANT_CONVERSION = YES;
				CLANG_WARN_DEPRECATED_OBJC_IMPLEMENTATIONS = YES;
				CLANG_WARN_DIRECT_OBJC_ISA_USAGE = YES_ERROR;
				CLANG_WARN_DOCUMENTATION_COMMENTS = YES;
				CLANG_WARN_EMPTY_BODY = YES;
				CLANG_WARN_ENUM_CONVERSION = YES;
				CLANG_WARN_INFINITE_RECURSION = YES;
				CLANG_WARN_INT_CONVERSION = YES;
				CLANG_WARN_NON_LITERAL_NULL_CONVERSION = YES;
				CLANG_WARN_OBJC_IMPLICIT_RETAIN_SELF = YES;
				CLANG_WARN_OBJC_LITERAL_CONVERSION = YES;
				CLANG_WARN_OBJC_ROOT_CLASS = YES_ERROR;
				CLANG_WARN_RANGE_LOOP_ANALYSIS = YES;
				CLANG_WARN_STRICT_PROTOTYPES = YES;
				CLANG_WARN_SUSPICIOUS_MOVE = YES;
				CLANG_WARN_UNGUARDED_AVAILABILITY = YES_AGGRESSIVE;
				CLANG_WARN_UNREACHABLE_CODE = YES;
				CLANG_WARN__DUPLICATE_METHOD_MATCH = YES;
				CODE_SIGN_IDENTITY = "iPhone Developer";
				COPY_PHASE_STRIP = NO;
				DEBUG_INFORMATION_FORMAT = dwarf;
				ENABLE_STRICT_OBJC_MSGSEND = YES;
				ENABLE_TESTABILITY = YES;
				GCC_C_LANGUAGE_STANDARD = gnu11;
				GCC_DYNAMIC_NO_PIC = NO;
				GCC_NO_COMMON_BLOCKS = YES;
				GCC_OPTIMIZATION_LEVEL = 0;
				GCC_PREPROCESSOR_DEFINITIONS = (
					"DEBUG=1",
					"$(inherited)",
				);
				GCC_WARN_64_TO_32_BIT_CONVERSION = YES;
				GCC_WARN_ABOUT_RETURN_TYPE = YES_ERROR;
				GCC_WARN_UNDECLARED_SELECTOR = YES;
				GCC_WARN_UNINITIALIZED_AUTOS = YES_AGGRESSIVE;
				GCC_WARN_UNUSED_FUNCTION = YES;
				GCC_WARN_UNUSED_VARIABLE = YES;
				IPHONEOS_DEPLOYMENT_TARGET = 11.3;
				MTL_ENABLE_DEBUG_INFO = YES;
				ONLY_ACTIVE_ARCH = YES;
				SDKROOT = iphoneos;
				SWIFT_ACTIVE_COMPILATION_CONDITIONS = DEBUG;
				SWIFT_OPTIMIZATION_LEVEL = "-Onone";
			};
			name = Debug;
		};
		E9DBF98D2127806A00CFD933 /* Release */ = {
			isa = XCBuildConfiguration;
			buildSettings = {
				ALWAYS_SEARCH_USER_PATHS = NO;
				CLANG_ANALYZER_LOCALIZABILITY_NONLOCALIZED = YES;
				CLANG_ANALYZER_NONNULL = YES;
				CLANG_ANALYZER_NUMBER_OBJECT_CONVERSION = YES_AGGRESSIVE;
				CLANG_CXX_LANGUAGE_STANDARD = "gnu++14";
				CLANG_CXX_LIBRARY = "libc++";
				CLANG_ENABLE_MODULES = YES;
				CLANG_ENABLE_OBJC_ARC = YES;
				CLANG_ENABLE_OBJC_WEAK = YES;
				CLANG_WARN_BLOCK_CAPTURE_AUTORELEASING = YES;
				CLANG_WARN_BOOL_CONVERSION = YES;
				CLANG_WARN_COMMA = YES;
				CLANG_WARN_CONSTANT_CONVERSION = YES;
				CLANG_WARN_DEPRECATED_OBJC_IMPLEMENTATIONS = YES;
				CLANG_WARN_DIRECT_OBJC_ISA_USAGE = YES_ERROR;
				CLANG_WARN_DOCUMENTATION_COMMENTS = YES;
				CLANG_WARN_EMPTY_BODY = YES;
				CLANG_WARN_ENUM_CONVERSION = YES;
				CLANG_WARN_INFINITE_RECURSION = YES;
				CLANG_WARN_INT_CONVERSION = YES;
				CLANG_WARN_NON_LITERAL_NULL_CONVERSION = YES;
				CLANG_WARN_OBJC_IMPLICIT_RETAIN_SELF = YES;
				CLANG_WARN_OBJC_LITERAL_CONVERSION = YES;
				CLANG_WARN_OBJC_ROOT_CLASS = YES_ERROR;
				CLANG_WARN_RANGE_LOOP_ANALYSIS = YES;
				CLANG_WARN_STRICT_PROTOTYPES = YES;
				CLANG_WARN_SUSPICIOUS_MOVE = YES;
				CLANG_WARN_UNGUARDED_AVAILABILITY = YES_AGGRESSIVE;
				CLANG_WARN_UNREACHABLE_CODE = YES;
				CLANG_WARN__DUPLICATE_METHOD_MATCH = YES;
				CODE_SIGN_IDENTITY = "iPhone Developer";
				COPY_PHASE_STRIP = NO;
				DEBUG_INFORMATION_FORMAT = "dwarf-with-dsym";
				ENABLE_NS_ASSERTIONS = NO;
				ENABLE_STRICT_OBJC_MSGSEND = YES;
				GCC_C_LANGUAGE_STANDARD = gnu11;
				GCC_NO_COMMON_BLOCKS = YES;
				GCC_WARN_64_TO_32_BIT_CONVERSION = YES;
				GCC_WARN_ABOUT_RETURN_TYPE = YES_ERROR;
				GCC_WARN_UNDECLARED_SELECTOR = YES;
				GCC_WARN_UNINITIALIZED_AUTOS = YES_AGGRESSIVE;
				GCC_WARN_UNUSED_FUNCTION = YES;
				GCC_WARN_UNUSED_VARIABLE = YES;
				IPHONEOS_DEPLOYMENT_TARGET = 11.3;
				MTL_ENABLE_DEBUG_INFO = NO;
				SDKROOT = iphoneos;
				SWIFT_COMPILATION_MODE = wholemodule;
				SWIFT_OPTIMIZATION_LEVEL = "-O";
				VALIDATE_PRODUCT = YES;
			};
			name = Release;
		};
		E9DBF98F2127806A00CFD933 /* Debug */ = {
			isa = XCBuildConfiguration;
			baseConfigurationReference = A59EEFF9F5B713B364EE93C6 /* Pods-RescueApp.debug.xcconfig */;
			buildSettings = {
				ASSETCATALOG_COMPILER_APPICON_NAME = AppIcon;
				CODE_SIGN_IDENTITY = "iPhone Developer";
				CODE_SIGN_STYLE = Automatic;
				DEVELOPMENT_TEAM = 93GQ7UQBL3;
				FRAMEWORK_SEARCH_PATHS = (
					"$(inherited)",
					"$(PROJECT_DIR)/RescueApp/DB",
					"$(PROJECT_DIR)/RescueApp/FrameworksDB",
				);
				INFOPLIST_FILE = RescueApp/Info.plist;
				IPHONEOS_DEPLOYMENT_TARGET = 10.3;
				LD_RUNPATH_SEARCH_PATHS = (
					"$(inherited)",
					"@executable_path/Frameworks",
				);
				PRODUCT_BUNDLE_IDENTIFIER = com.kerala.CleanIndia;
				PRODUCT_NAME = "$(TARGET_NAME)";
				PROVISIONING_PROFILE_SPECIFIER = "";
				SWIFT_VERSION = 4.0;
				TARGETED_DEVICE_FAMILY = "1,2";
			};
			name = Debug;
		};
		E9DBF9902127806A00CFD933 /* Release */ = {
			isa = XCBuildConfiguration;
			baseConfigurationReference = B2A1D660814759FDB289EA02 /* Pods-RescueApp.release.xcconfig */;
			buildSettings = {
				ASSETCATALOG_COMPILER_APPICON_NAME = AppIcon;
				CODE_SIGN_IDENTITY = "iPhone Developer";
				CODE_SIGN_STYLE = Automatic;
				DEVELOPMENT_TEAM = 93GQ7UQBL3;
				FRAMEWORK_SEARCH_PATHS = (
					"$(inherited)",
					"$(PROJECT_DIR)/RescueApp/DB",
					"$(PROJECT_DIR)/RescueApp/FrameworksDB",
				);
				INFOPLIST_FILE = RescueApp/Info.plist;
				IPHONEOS_DEPLOYMENT_TARGET = 10.3;
				LD_RUNPATH_SEARCH_PATHS = (
					"$(inherited)",
					"@executable_path/Frameworks",
				);
				PRODUCT_BUNDLE_IDENTIFIER = com.kerala.CleanIndia;
				PRODUCT_NAME = "$(TARGET_NAME)";
				PROVISIONING_PROFILE_SPECIFIER = "";
				SWIFT_VERSION = 4.0;
				TARGETED_DEVICE_FAMILY = "1,2";
			};
			name = Release;
		};
		E9DBF9922127806A00CFD933 /* Debug */ = {
			isa = XCBuildConfiguration;
			baseConfigurationReference = A5E416EC82330986E089BA2C /* Pods-RescueAppTests.debug.xcconfig */;
			buildSettings = {
				ALWAYS_EMBED_SWIFT_STANDARD_LIBRARIES = YES;
				BUNDLE_LOADER = "$(TEST_HOST)";
				CODE_SIGN_STYLE = Automatic;
				DEVELOPMENT_TEAM = X6N62J5SQP;
				INFOPLIST_FILE = RescueAppTests/Info.plist;
				LD_RUNPATH_SEARCH_PATHS = (
					"$(inherited)",
					"@executable_path/Frameworks",
					"@loader_path/Frameworks",
				);
				PRODUCT_BUNDLE_IDENTIFIER = com.kerala.RescueAppTests;
				PRODUCT_NAME = "$(TARGET_NAME)";
				SWIFT_VERSION = 4.0;
				TARGETED_DEVICE_FAMILY = "1,2";
				TEST_HOST = "$(BUILT_PRODUCTS_DIR)/RescueApp.app/RescueApp";
			};
			name = Debug;
		};
		E9DBF9932127806A00CFD933 /* Release */ = {
			isa = XCBuildConfiguration;
			baseConfigurationReference = 7F0350EC64490B12D85ED635 /* Pods-RescueAppTests.release.xcconfig */;
			buildSettings = {
				ALWAYS_EMBED_SWIFT_STANDARD_LIBRARIES = YES;
				BUNDLE_LOADER = "$(TEST_HOST)";
				CODE_SIGN_STYLE = Automatic;
				DEVELOPMENT_TEAM = X6N62J5SQP;
				INFOPLIST_FILE = RescueAppTests/Info.plist;
				LD_RUNPATH_SEARCH_PATHS = (
					"$(inherited)",
					"@executable_path/Frameworks",
					"@loader_path/Frameworks",
				);
				PRODUCT_BUNDLE_IDENTIFIER = com.kerala.RescueAppTests;
				PRODUCT_NAME = "$(TARGET_NAME)";
				SWIFT_VERSION = 4.0;
				TARGETED_DEVICE_FAMILY = "1,2";
				TEST_HOST = "$(BUILT_PRODUCTS_DIR)/RescueApp.app/RescueApp";
			};
			name = Release;
		};
		E9DBF9952127806A00CFD933 /* Debug */ = {
			isa = XCBuildConfiguration;
			baseConfigurationReference = 0C95AB2BC92A00D878E0C564 /* Pods-RescueAppUITests.debug.xcconfig */;
			buildSettings = {
				ALWAYS_EMBED_SWIFT_STANDARD_LIBRARIES = YES;
				CODE_SIGN_STYLE = Automatic;
				DEVELOPMENT_TEAM = X6N62J5SQP;
				INFOPLIST_FILE = RescueAppUITests/Info.plist;
				LD_RUNPATH_SEARCH_PATHS = (
					"$(inherited)",
					"@executable_path/Frameworks",
					"@loader_path/Frameworks",
				);
				PRODUCT_BUNDLE_IDENTIFIER = com.kerala.RescueAppUITests;
				PRODUCT_NAME = "$(TARGET_NAME)";
				SWIFT_VERSION = 4.0;
				TARGETED_DEVICE_FAMILY = "1,2";
				TEST_TARGET_NAME = RescueApp;
			};
			name = Debug;
		};
		E9DBF9962127806A00CFD933 /* Release */ = {
			isa = XCBuildConfiguration;
			baseConfigurationReference = F4846D0D0422408AF15B81C8 /* Pods-RescueAppUITests.release.xcconfig */;
			buildSettings = {
				ALWAYS_EMBED_SWIFT_STANDARD_LIBRARIES = YES;
				CODE_SIGN_STYLE = Automatic;
				DEVELOPMENT_TEAM = X6N62J5SQP;
				INFOPLIST_FILE = RescueAppUITests/Info.plist;
				LD_RUNPATH_SEARCH_PATHS = (
					"$(inherited)",
					"@executable_path/Frameworks",
					"@loader_path/Frameworks",
				);
				PRODUCT_BUNDLE_IDENTIFIER = com.kerala.RescueAppUITests;
				PRODUCT_NAME = "$(TARGET_NAME)";
				SWIFT_VERSION = 4.0;
				TARGETED_DEVICE_FAMILY = "1,2";
				TEST_TARGET_NAME = RescueApp;
			};
			name = Release;
		};
/* End XCBuildConfiguration section */

/* Begin XCConfigurationList section */
		E9DBF9612127806700CFD933 /* Build configuration list for PBXProject "RescueApp" */ = {
			isa = XCConfigurationList;
			buildConfigurations = (
				E9DBF98C2127806A00CFD933 /* Debug */,
				E9DBF98D2127806A00CFD933 /* Release */,
			);
			defaultConfigurationIsVisible = 0;
			defaultConfigurationName = Release;
		};
		E9DBF98E2127806A00CFD933 /* Build configuration list for PBXNativeTarget "RescueApp" */ = {
			isa = XCConfigurationList;
			buildConfigurations = (
				E9DBF98F2127806A00CFD933 /* Debug */,
				E9DBF9902127806A00CFD933 /* Release */,
			);
			defaultConfigurationIsVisible = 0;
			defaultConfigurationName = Release;
		};
		E9DBF9912127806A00CFD933 /* Build configuration list for PBXNativeTarget "RescueAppTests" */ = {
			isa = XCConfigurationList;
			buildConfigurations = (
				E9DBF9922127806A00CFD933 /* Debug */,
				E9DBF9932127806A00CFD933 /* Release */,
			);
			defaultConfigurationIsVisible = 0;
			defaultConfigurationName = Release;
		};
		E9DBF9942127806A00CFD933 /* Build configuration list for PBXNativeTarget "RescueAppUITests" */ = {
			isa = XCConfigurationList;
			buildConfigurations = (
				E9DBF9952127806A00CFD933 /* Debug */,
				E9DBF9962127806A00CFD933 /* Release */,
			);
			defaultConfigurationIsVisible = 0;
			defaultConfigurationName = Release;
		};
/* End XCConfigurationList section */
	};
	rootObject = E9DBF95E2127806700CFD933 /* Project object */;
}
