// !$*UTF8*$!
{
	archiveVersion = 1;
	classes = {
	};
	objectVersion = 50;
	objects = {

/* Begin PBXBuildFile section */
		0822303F212799EA00B7FBF2 /* APIConstants.swift in Sources */ = {isa = PBXBuildFile; fileRef = 0822303E212799EA00B7FBF2 /* APIConstants.swift */; };
		0822304121279FD200B7FBF2 /* ResourceNeedsListViewController.swift in Sources */ = {isa = PBXBuildFile; fileRef = 0822304021279FD200B7FBF2 /* ResourceNeedsListViewController.swift */; };
		082230442127A72F00B7FBF2 /* Overlay.swift in Sources */ = {isa = PBXBuildFile; fileRef = 082230432127A72F00B7FBF2 /* Overlay.swift */; };
		082230462127CB8700B7FBF2 /* ResultOptimizer.swift in Sources */ = {isa = PBXBuildFile; fileRef = 082230452127CB8700B7FBF2 /* ResultOptimizer.swift */; };
		0822304B2127E6F400B7FBF2 /* RAAddressTypeahead.swift in Sources */ = {isa = PBXBuildFile; fileRef = 0822304A2127E6F400B7FBF2 /* RAAddressTypeahead.swift */; };
		0822304D2127E7F500B7FBF2 /* Utility.swift in Sources */ = {isa = PBXBuildFile; fileRef = 0822304C2127E7F500B7FBF2 /* Utility.swift */; };
		75DA37292127EF6E00A9D00A /* ListViewCell.swift in Sources */ = {isa = PBXBuildFile; fileRef = 75DA37282127EF6E00A9D00A /* ListViewCell.swift */; };
		E9DBF96A2127806700CFD933 /* AppDelegate.swift in Sources */ = {isa = PBXBuildFile; fileRef = E9DBF9692127806700CFD933 /* AppDelegate.swift */; };
		E9DBF96C2127806700CFD933 /* HomeViewController.swift in Sources */ = {isa = PBXBuildFile; fileRef = E9DBF96B2127806700CFD933 /* HomeViewController.swift */; };
		E9DBF96F2127806700CFD933 /* Main.storyboard in Resources */ = {isa = PBXBuildFile; fileRef = E9DBF96D2127806700CFD933 /* Main.storyboard */; };
		E9DBF9712127806A00CFD933 /* Assets.xcassets in Resources */ = {isa = PBXBuildFile; fileRef = E9DBF9702127806A00CFD933 /* Assets.xcassets */; };
		E9DBF9742127806A00CFD933 /* LaunchScreen.storyboard in Resources */ = {isa = PBXBuildFile; fileRef = E9DBF9722127806A00CFD933 /* LaunchScreen.storyboard */; };
		E9DBF97F2127806A00CFD933 /* RescueAppTests.swift in Sources */ = {isa = PBXBuildFile; fileRef = E9DBF97E2127806A00CFD933 /* RescueAppTests.swift */; };
		E9DBF98A2127806A00CFD933 /* RescueAppUITests.swift in Sources */ = {isa = PBXBuildFile; fileRef = E9DBF9892127806A00CFD933 /* RescueAppUITests.swift */; };
		E9DBF99A2127829000CFD933 /* ResourceNeedsMapViewController.swift in Sources */ = {isa = PBXBuildFile; fileRef = E9DBF9992127829000CFD933 /* ResourceNeedsMapViewController.swift */; };
		E9DBF99D2127846E00CFD933 /* RequestModel.swift in Sources */ = {isa = PBXBuildFile; fileRef = E9DBF99C2127846E00CFD933 /* RequestModel.swift */; };
		E9DBF99F212785E000CFD933 /* DistrictEnum.swift in Sources */ = {isa = PBXBuildFile; fileRef = E9DBF99E212785E000CFD933 /* DistrictEnum.swift */; };
		E9DBF9A22127872A00CFD933 /* ApiClient.swift in Sources */ = {isa = PBXBuildFile; fileRef = E9DBF9A12127872A00CFD933 /* ApiClient.swift */; };
/* End PBXBuildFile section */

/* Begin PBXContainerItemProxy section */
		E9DBF97B2127806A00CFD933 /* PBXContainerItemProxy */ = {
			isa = PBXContainerItemProxy;
			containerPortal = E9DBF95E2127806700CFD933 /* Project object */;
			proxyType = 1;
			remoteGlobalIDString = E9DBF9652127806700CFD933;
			remoteInfo = RescueApp;
		};
		E9DBF9862127806A00CFD933 /* PBXContainerItemProxy */ = {
			isa = PBXContainerItemProxy;
			containerPortal = E9DBF95E2127806700CFD933 /* Project object */;
			proxyType = 1;
			remoteGlobalIDString = E9DBF9652127806700CFD933;
			remoteInfo = RescueApp;
		};
/* End PBXContainerItemProxy section */

/* Begin PBXFileReference section */
		0822303E212799EA00B7FBF2 /* APIConstants.swift */ = {isa = PBXFileReference; lastKnownFileType = sourcecode.swift; path = APIConstants.swift; sourceTree = "<group>"; };
		0822304021279FD200B7FBF2 /* ResourceNeedsListViewController.swift */ = {isa = PBXFileReference; lastKnownFileType = sourcecode.swift; path = ResourceNeedsListViewController.swift; sourceTree = "<group>"; };
		082230432127A72F00B7FBF2 /* Overlay.swift */ = {isa = PBXFileReference; lastKnownFileType = sourcecode.swift; path = Overlay.swift; sourceTree = "<group>"; };
		082230452127CB8700B7FBF2 /* ResultOptimizer.swift */ = {isa = PBXFileReference; lastKnownFileType = sourcecode.swift; path = ResultOptimizer.swift; sourceTree = "<group>"; };
		0822304A2127E6F400B7FBF2 /* RAAddressTypeahead.swift */ = {isa = PBXFileReference; fileEncoding = 4; lastKnownFileType = sourcecode.swift; path = RAAddressTypeahead.swift; sourceTree = "<group>"; };
		0822304C2127E7F500B7FBF2 /* Utility.swift */ = {isa = PBXFileReference; fileEncoding = 4; lastKnownFileType = sourcecode.swift; path = Utility.swift; sourceTree = "<group>"; };
		75DA37282127EF6E00A9D00A /* ListViewCell.swift */ = {isa = PBXFileReference; lastKnownFileType = sourcecode.swift; path = ListViewCell.swift; sourceTree = "<group>"; };
		E9DBF9662127806700CFD933 /* RescueApp.app */ = {isa = PBXFileReference; explicitFileType = wrapper.application; includeInIndex = 0; path = RescueApp.app; sourceTree = BUILT_PRODUCTS_DIR; };
		E9DBF9692127806700CFD933 /* AppDelegate.swift */ = {isa = PBXFileReference; lastKnownFileType = sourcecode.swift; path = AppDelegate.swift; sourceTree = "<group>"; };
		E9DBF96B2127806700CFD933 /* HomeViewController.swift */ = {isa = PBXFileReference; lastKnownFileType = sourcecode.swift; path = HomeViewController.swift; sourceTree = "<group>"; };
		E9DBF96E2127806700CFD933 /* Base */ = {isa = PBXFileReference; lastKnownFileType = file.storyboard; name = Base; path = Base.lproj/Main.storyboard; sourceTree = "<group>"; };
		E9DBF9702127806A00CFD933 /* Assets.xcassets */ = {isa = PBXFileReference; lastKnownFileType = folder.assetcatalog; path = Assets.xcassets; sourceTree = "<group>"; };
		E9DBF9732127806A00CFD933 /* Base */ = {isa = PBXFileReference; lastKnownFileType = file.storyboard; name = Base; path = Base.lproj/LaunchScreen.storyboard; sourceTree = "<group>"; };
		E9DBF9752127806A00CFD933 /* Info.plist */ = {isa = PBXFileReference; lastKnownFileType = text.plist.xml; path = Info.plist; sourceTree = "<group>"; };
		E9DBF97A2127806A00CFD933 /* RescueAppTests.xctest */ = {isa = PBXFileReference; explicitFileType = wrapper.cfbundle; includeInIndex = 0; path = RescueAppTests.xctest; sourceTree = BUILT_PRODUCTS_DIR; };
		E9DBF97E2127806A00CFD933 /* RescueAppTests.swift */ = {isa = PBXFileReference; lastKnownFileType = sourcecode.swift; path = RescueAppTests.swift; sourceTree = "<group>"; };
		E9DBF9802127806A00CFD933 /* Info.plist */ = {isa = PBXFileReference; lastKnownFileType = text.plist.xml; path = Info.plist; sourceTree = "<group>"; };
		E9DBF9852127806A00CFD933 /* RescueAppUITests.xctest */ = {isa = PBXFileReference; explicitFileType = wrapper.cfbundle; includeInIndex = 0; path = RescueAppUITests.xctest; sourceTree = BUILT_PRODUCTS_DIR; };
		E9DBF9892127806A00CFD933 /* RescueAppUITests.swift */ = {isa = PBXFileReference; lastKnownFileType = sourcecode.swift; path = RescueAppUITests.swift; sourceTree = "<group>"; };
		E9DBF98B2127806A00CFD933 /* Info.plist */ = {isa = PBXFileReference; lastKnownFileType = text.plist.xml; path = Info.plist; sourceTree = "<group>"; };
		E9DBF9992127829000CFD933 /* ResourceNeedsMapViewController.swift */ = {isa = PBXFileReference; lastKnownFileType = sourcecode.swift; path = ResourceNeedsMapViewController.swift; sourceTree = "<group>"; };
		E9DBF99C2127846E00CFD933 /* RequestModel.swift */ = {isa = PBXFileReference; lastKnownFileType = sourcecode.swift; path = RequestModel.swift; sourceTree = "<group>"; };
		E9DBF99E212785E000CFD933 /* DistrictEnum.swift */ = {isa = PBXFileReference; lastKnownFileType = sourcecode.swift; path = DistrictEnum.swift; sourceTree = "<group>"; };
		E9DBF9A12127872A00CFD933 /* ApiClient.swift */ = {isa = PBXFileReference; lastKnownFileType = sourcecode.swift; path = ApiClient.swift; sourceTree = "<group>"; };
/* End PBXFileReference section */

/* Begin PBXFrameworksBuildPhase section */
		E9DBF9632127806700CFD933 /* Frameworks */ = {
			isa = PBXFrameworksBuildPhase;
			buildActionMask = 2147483647;
			files = (
			);
			runOnlyForDeploymentPostprocessing = 0;
		};
		E9DBF9772127806A00CFD933 /* Frameworks */ = {
			isa = PBXFrameworksBuildPhase;
			buildActionMask = 2147483647;
			files = (
			);
			runOnlyForDeploymentPostprocessing = 0;
		};
		E9DBF9822127806A00CFD933 /* Frameworks */ = {
			isa = PBXFrameworksBuildPhase;
			buildActionMask = 2147483647;
			files = (
			);
			runOnlyForDeploymentPostprocessing = 0;
		};
/* End PBXFrameworksBuildPhase section */

/* Begin PBXGroup section */
		082230422127A71A00B7FBF2 /* Utility */ = {
			isa = PBXGroup;
			children = (
				0822304C2127E7F500B7FBF2 /* Utility.swift */,
				082230432127A72F00B7FBF2 /* Overlay.swift */,
			);
			path = Utility;
			sourceTree = "<group>";
		};
		082230492127E6F400B7FBF2 /* View */ = {
			isa = PBXGroup;
			children = (
				0822304A2127E6F400B7FBF2 /* RAAddressTypeahead.swift */,
				75DA37282127EF6E00A9D00A /* ListViewCell.swift */,
			);
			path = View;
			sourceTree = "<group>";
		};
		E9DBF95D2127806700CFD933 = {
			isa = PBXGroup;
			children = (
				E9DBF9682127806700CFD933 /* RescueApp */,
				E9DBF97D2127806A00CFD933 /* RescueAppTests */,
				E9DBF9882127806A00CFD933 /* RescueAppUITests */,
				E9DBF9672127806700CFD933 /* Products */,
			);
			sourceTree = "<group>";
		};
		E9DBF9672127806700CFD933 /* Products */ = {
			isa = PBXGroup;
			children = (
				E9DBF9662127806700CFD933 /* RescueApp.app */,
				E9DBF97A2127806A00CFD933 /* RescueAppTests.xctest */,
				E9DBF9852127806A00CFD933 /* RescueAppUITests.xctest */,
			);
			name = Products;
			sourceTree = "<group>";
		};
		E9DBF9682127806700CFD933 /* RescueApp */ = {
			isa = PBXGroup;
			children = (
				082230492127E6F400B7FBF2 /* View */,
				082230422127A71A00B7FBF2 /* Utility */,
				E9DBF9A02127871100CFD933 /* Network */,
				E9DBF99B2127844100CFD933 /* Model */,
				E9DBF9692127806700CFD933 /* AppDelegate.swift */,
				E9DBF96B2127806700CFD933 /* HomeViewController.swift */,
				E9DBF96D2127806700CFD933 /* Main.storyboard */,
				E9DBF9702127806A00CFD933 /* Assets.xcassets */,
				E9DBF9722127806A00CFD933 /* LaunchScreen.storyboard */,
				E9DBF9752127806A00CFD933 /* Info.plist */,
				E9DBF9992127829000CFD933 /* ResourceNeedsMapViewController.swift */,
				0822304021279FD200B7FBF2 /* ResourceNeedsListViewController.swift */,
			);
			path = RescueApp;
			sourceTree = "<group>";
		};
		E9DBF97D2127806A00CFD933 /* RescueAppTests */ = {
			isa = PBXGroup;
			children = (
				E9DBF97E2127806A00CFD933 /* RescueAppTests.swift */,
				E9DBF9802127806A00CFD933 /* Info.plist */,
			);
			path = RescueAppTests;
			sourceTree = "<group>";
		};
		E9DBF9882127806A00CFD933 /* RescueAppUITests */ = {
			isa = PBXGroup;
			children = (
				E9DBF9892127806A00CFD933 /* RescueAppUITests.swift */,
				E9DBF98B2127806A00CFD933 /* Info.plist */,
			);
			path = RescueAppUITests;
			sourceTree = "<group>";
		};
		E9DBF99B2127844100CFD933 /* Model */ = {
			isa = PBXGroup;
			children = (
				E9DBF99C2127846E00CFD933 /* RequestModel.swift */,
				E9DBF99E212785E000CFD933 /* DistrictEnum.swift */,
				082230452127CB8700B7FBF2 /* ResultOptimizer.swift */,
			);
			path = Model;
			sourceTree = "<group>";
		};
		E9DBF9A02127871100CFD933 /* Network */ = {
			isa = PBXGroup;
			children = (
				E9DBF9A12127872A00CFD933 /* ApiClient.swift */,
				0822303E212799EA00B7FBF2 /* APIConstants.swift */,
			);
			path = Network;
			sourceTree = "<group>";
		};
/* End PBXGroup section */

/* Begin PBXNativeTarget section */
		E9DBF9652127806700CFD933 /* RescueApp */ = {
			isa = PBXNativeTarget;
			buildConfigurationList = E9DBF98E2127806A00CFD933 /* Build configuration list for PBXNativeTarget "RescueApp" */;
			buildPhases = (
				E9DBF9622127806700CFD933 /* Sources */,
				E9DBF9632127806700CFD933 /* Frameworks */,
				E9DBF9642127806700CFD933 /* Resources */,
			);
			buildRules = (
			);
			dependencies = (
			);
			name = RescueApp;
			productName = RescueApp;
			productReference = E9DBF9662127806700CFD933 /* RescueApp.app */;
			productType = "com.apple.product-type.application";
		};
		E9DBF9792127806A00CFD933 /* RescueAppTests */ = {
			isa = PBXNativeTarget;
			buildConfigurationList = E9DBF9912127806A00CFD933 /* Build configuration list for PBXNativeTarget "RescueAppTests" */;
			buildPhases = (
				E9DBF9762127806A00CFD933 /* Sources */,
				E9DBF9772127806A00CFD933 /* Frameworks */,
				E9DBF9782127806A00CFD933 /* Resources */,
			);
			buildRules = (
			);
			dependencies = (
				E9DBF97C2127806A00CFD933 /* PBXTargetDependency */,
			);
			name = RescueAppTests;
			productName = RescueAppTests;
			productReference = E9DBF97A2127806A00CFD933 /* RescueAppTests.xctest */;
			productType = "com.apple.product-type.bundle.unit-test";
		};
		E9DBF9842127806A00CFD933 /* RescueAppUITests */ = {
			isa = PBXNativeTarget;
			buildConfigurationList = E9DBF9942127806A00CFD933 /* Build configuration list for PBXNativeTarget "RescueAppUITests" */;
			buildPhases = (
				E9DBF9812127806A00CFD933 /* Sources */,
				E9DBF9822127806A00CFD933 /* Frameworks */,
				E9DBF9832127806A00CFD933 /* Resources */,
			);
			buildRules = (
			);
			dependencies = (
				E9DBF9872127806A00CFD933 /* PBXTargetDependency */,
			);
			name = RescueAppUITests;
			productName = RescueAppUITests;
			productReference = E9DBF9852127806A00CFD933 /* RescueAppUITests.xctest */;
			productType = "com.apple.product-type.bundle.ui-testing";
		};
/* End PBXNativeTarget section */

/* Begin PBXProject section */
		E9DBF95E2127806700CFD933 /* Project object */ = {
			isa = PBXProject;
			attributes = {
				LastSwiftUpdateCheck = 0930;
				LastUpgradeCheck = 0930;
				ORGANIZATIONNAME = "Jayahari Vavachan";
				TargetAttributes = {
					E9DBF9652127806700CFD933 = {
						CreatedOnToolsVersion = 9.3.1;
					};
					E9DBF9792127806A00CFD933 = {
						CreatedOnToolsVersion = 9.3.1;
						TestTargetID = E9DBF9652127806700CFD933;
					};
					E9DBF9842127806A00CFD933 = {
						CreatedOnToolsVersion = 9.3.1;
						TestTargetID = E9DBF9652127806700CFD933;
					};
				};
			};
			buildConfigurationList = E9DBF9612127806700CFD933 /* Build configuration list for PBXProject "RescueApp" */;
			compatibilityVersion = "Xcode 9.3";
			developmentRegion = en;
			hasScannedForEncodings = 0;
			knownRegions = (
				en,
				Base,
			);
			mainGroup = E9DBF95D2127806700CFD933;
			productRefGroup = E9DBF9672127806700CFD933 /* Products */;
			projectDirPath = "";
			projectRoot = "";
			targets = (
				E9DBF9652127806700CFD933 /* RescueApp */,
				E9DBF9792127806A00CFD933 /* RescueAppTests */,
				E9DBF9842127806A00CFD933 /* RescueAppUITests */,
			);
		};
/* End PBXProject section */

/* Begin PBXResourcesBuildPhase section */
		E9DBF9642127806700CFD933 /* Resources */ = {
			isa = PBXResourcesBuildPhase;
			buildActionMask = 2147483647;
			files = (
				E9DBF9742127806A00CFD933 /* LaunchScreen.storyboard in Resources */,
				E9DBF9712127806A00CFD933 /* Assets.xcassets in Resources */,
				082230512127ED8100B7FBF2 /* RACustomView.xib in Resources */,
				E9DBF96F2127806700CFD933 /* Main.storyboard in Resources */,
			);
			runOnlyForDeploymentPostprocessing = 0;
		};
		E9DBF9782127806A00CFD933 /* Resources */ = {
			isa = PBXResourcesBuildPhase;
			buildActionMask = 2147483647;
			files = (
			);
			runOnlyForDeploymentPostprocessing = 0;
		};
		E9DBF9832127806A00CFD933 /* Resources */ = {
			isa = PBXResourcesBuildPhase;
			buildActionMask = 2147483647;
			files = (
			);
			runOnlyForDeploymentPostprocessing = 0;
		};
/* End PBXResourcesBuildPhase section */

/* Begin PBXSourcesBuildPhase section */
		E9DBF9622127806700CFD933 /* Sources */ = {
			isa = PBXSourcesBuildPhase;
			buildActionMask = 2147483647;
			files = (
				E9DBF9A22127872A00CFD933 /* ApiClient.swift in Sources */,
				0822304B2127E6F400B7FBF2 /* RAAddressTypeahead.swift in Sources */,
				082230442127A72F00B7FBF2 /* Overlay.swift in Sources */,
				75DA37292127EF6E00A9D00A /* ListViewCell.swift in Sources */,
				E9DBF99D2127846E00CFD933 /* RequestModel.swift in Sources */,
				0822304121279FD200B7FBF2 /* ResourceNeedsListViewController.swift in Sources */,
				E9DBF96C2127806700CFD933 /* HomeViewController.swift in Sources */,
				E9DBF99F212785E000CFD933 /* DistrictEnum.swift in Sources */,
				082230462127CB8700B7FBF2 /* ResultOptimizer.swift in Sources */,
				0822304D2127E7F500B7FBF2 /* Utility.swift in Sources */,
				0822303F212799EA00B7FBF2 /* APIConstants.swift in Sources */,
				082230532127F6A400B7FBF2 /* RAAnnotationView.swift in Sources */,
				0822304F2127ECC700B7FBF2 /* RACustomView.swift in Sources */,
				E9DBF96A2127806700CFD933 /* AppDelegate.swift in Sources */,
				E9DBF99A2127829000CFD933 /* ResourceNeedsMapViewController.swift in Sources */,
			);
			runOnlyForDeploymentPostprocessing = 0;
		};
		E9DBF9762127806A00CFD933 /* Sources */ = {
			isa = PBXSourcesBuildPhase;
			buildActionMask = 2147483647;
			files = (
				E9DBF97F2127806A00CFD933 /* RescueAppTests.swift in Sources */,
			);
			runOnlyForDeploymentPostprocessing = 0;
		};
		E9DBF9812127806A00CFD933 /* Sources */ = {
			isa = PBXSourcesBuildPhase;
			buildActionMask = 2147483647;
			files = (
				E9DBF98A2127806A00CFD933 /* RescueAppUITests.swift in Sources */,
			);
			runOnlyForDeploymentPostprocessing = 0;
		};
/* End PBXSourcesBuildPhase section */

/* Begin PBXTargetDependency section */
		E9DBF97C2127806A00CFD933 /* PBXTargetDependency */ = {
			isa = PBXTargetDependency;
			target = E9DBF9652127806700CFD933 /* RescueApp */;
			targetProxy = E9DBF97B2127806A00CFD933 /* PBXContainerItemProxy */;
		};
		E9DBF9872127806A00CFD933 /* PBXTargetDependency */ = {
			isa = PBXTargetDependency;
			target = E9DBF9652127806700CFD933 /* RescueApp */;
			targetProxy = E9DBF9862127806A00CFD933 /* PBXContainerItemProxy */;
		};
/* End PBXTargetDependency section */

/* Begin PBXVariantGroup section */
		E9DBF96D2127806700CFD933 /* Main.storyboard */ = {
			isa = PBXVariantGroup;
			children = (
				E9DBF96E2127806700CFD933 /* Base */,
			);
			name = Main.storyboard;
			sourceTree = "<group>";
		};
		E9DBF9722127806A00CFD933 /* LaunchScreen.storyboard */ = {
			isa = PBXVariantGroup;
			children = (
				E9DBF9732127806A00CFD933 /* Base */,
			);
			name = LaunchScreen.storyboard;
			sourceTree = "<group>";
		};
/* End PBXVariantGroup section */

/* Begin XCBuildConfiguration section */
		E9DBF98C2127806A00CFD933 /* Debug */ = {
			isa = XCBuildConfiguration;
			buildSettings = {
				ALWAYS_SEARCH_USER_PATHS = NO;
				CLANG_ANALYZER_NONNULL = YES;
				CLANG_ANALYZER_NUMBER_OBJECT_CONVERSION = YES_AGGRESSIVE;
				CLANG_CXX_LANGUAGE_STANDARD = "gnu++14";
				CLANG_CXX_LIBRARY = "libc++";
				CLANG_ENABLE_MODULES = YES;
				CLANG_ENABLE_OBJC_ARC = YES;
				CLANG_ENABLE_OBJC_WEAK = YES;
				CLANG_WARN_BLOCK_CAPTURE_AUTORELEASING = YES;
				CLANG_WARN_BOOL_CONVERSION = YES;
				CLANG_WARN_COMMA = YES;
				CLANG_WARN_CONSTANT_CONVERSION = YES;
				CLANG_WARN_DEPRECATED_OBJC_IMPLEMENTATIONS = YES;
				CLANG_WARN_DIRECT_OBJC_ISA_USAGE = YES_ERROR;
				CLANG_WARN_DOCUMENTATION_COMMENTS = YES;
				CLANG_WARN_EMPTY_BODY = YES;
				CLANG_WARN_ENUM_CONVERSION = YES;
				CLANG_WARN_INFINITE_RECURSION = YES;
				CLANG_WARN_INT_CONVERSION = YES;
				CLANG_WARN_NON_LITERAL_NULL_CONVERSION = YES;
				CLANG_WARN_OBJC_IMPLICIT_RETAIN_SELF = YES;
				CLANG_WARN_OBJC_LITERAL_CONVERSION = YES;
				CLANG_WARN_OBJC_ROOT_CLASS = YES_ERROR;
				CLANG_WARN_RANGE_LOOP_ANALYSIS = YES;
				CLANG_WARN_STRICT_PROTOTYPES = YES;
				CLANG_WARN_SUSPICIOUS_MOVE = YES;
				CLANG_WARN_UNGUARDED_AVAILABILITY = YES_AGGRESSIVE;
				CLANG_WARN_UNREACHABLE_CODE = YES;
				CLANG_WARN__DUPLICATE_METHOD_MATCH = YES;
				CODE_SIGN_IDENTITY = "iPhone Developer";
				COPY_PHASE_STRIP = NO;
				DEBUG_INFORMATION_FORMAT = dwarf;
				ENABLE_STRICT_OBJC_MSGSEND = YES;
				ENABLE_TESTABILITY = YES;
				GCC_C_LANGUAGE_STANDARD = gnu11;
				GCC_DYNAMIC_NO_PIC = NO;
				GCC_NO_COMMON_BLOCKS = YES;
				GCC_OPTIMIZATION_LEVEL = 0;
				GCC_PREPROCESSOR_DEFINITIONS = (
					"DEBUG=1",
					"$(inherited)",
				);
				GCC_WARN_64_TO_32_BIT_CONVERSION = YES;
				GCC_WARN_ABOUT_RETURN_TYPE = YES_ERROR;
				GCC_WARN_UNDECLARED_SELECTOR = YES;
				GCC_WARN_UNINITIALIZED_AUTOS = YES_AGGRESSIVE;
				GCC_WARN_UNUSED_FUNCTION = YES;
				GCC_WARN_UNUSED_VARIABLE = YES;
				IPHONEOS_DEPLOYMENT_TARGET = 11.3;
				MTL_ENABLE_DEBUG_INFO = YES;
				ONLY_ACTIVE_ARCH = YES;
				SDKROOT = iphoneos;
				SWIFT_ACTIVE_COMPILATION_CONDITIONS = DEBUG;
				SWIFT_OPTIMIZATION_LEVEL = "-Onone";
			};
			name = Debug;
		};
		E9DBF98D2127806A00CFD933 /* Release */ = {
			isa = XCBuildConfiguration;
			buildSettings = {
				ALWAYS_SEARCH_USER_PATHS = NO;
				CLANG_ANALYZER_NONNULL = YES;
				CLANG_ANALYZER_NUMBER_OBJECT_CONVERSION = YES_AGGRESSIVE;
				CLANG_CXX_LANGUAGE_STANDARD = "gnu++14";
				CLANG_CXX_LIBRARY = "libc++";
				CLANG_ENABLE_MODULES = YES;
				CLANG_ENABLE_OBJC_ARC = YES;
				CLANG_ENABLE_OBJC_WEAK = YES;
				CLANG_WARN_BLOCK_CAPTURE_AUTORELEASING = YES;
				CLANG_WARN_BOOL_CONVERSION = YES;
				CLANG_WARN_COMMA = YES;
				CLANG_WARN_CONSTANT_CONVERSION = YES;
				CLANG_WARN_DEPRECATED_OBJC_IMPLEMENTATIONS = YES;
				CLANG_WARN_DIRECT_OBJC_ISA_USAGE = YES_ERROR;
				CLANG_WARN_DOCUMENTATION_COMMENTS = YES;
				CLANG_WARN_EMPTY_BODY = YES;
				CLANG_WARN_ENUM_CONVERSION = YES;
				CLANG_WARN_INFINITE_RECURSION = YES;
				CLANG_WARN_INT_CONVERSION = YES;
				CLANG_WARN_NON_LITERAL_NULL_CONVERSION = YES;
				CLANG_WARN_OBJC_IMPLICIT_RETAIN_SELF = YES;
				CLANG_WARN_OBJC_LITERAL_CONVERSION = YES;
				CLANG_WARN_OBJC_ROOT_CLASS = YES_ERROR;
				CLANG_WARN_RANGE_LOOP_ANALYSIS = YES;
				CLANG_WARN_STRICT_PROTOTYPES = YES;
				CLANG_WARN_SUSPICIOUS_MOVE = YES;
				CLANG_WARN_UNGUARDED_AVAILABILITY = YES_AGGRESSIVE;
				CLANG_WARN_UNREACHABLE_CODE = YES;
				CLANG_WARN__DUPLICATE_METHOD_MATCH = YES;
				CODE_SIGN_IDENTITY = "iPhone Developer";
				COPY_PHASE_STRIP = NO;
				DEBUG_INFORMATION_FORMAT = "dwarf-with-dsym";
				ENABLE_NS_ASSERTIONS = NO;
				ENABLE_STRICT_OBJC_MSGSEND = YES;
				GCC_C_LANGUAGE_STANDARD = gnu11;
				GCC_NO_COMMON_BLOCKS = YES;
				GCC_WARN_64_TO_32_BIT_CONVERSION = YES;
				GCC_WARN_ABOUT_RETURN_TYPE = YES_ERROR;
				GCC_WARN_UNDECLARED_SELECTOR = YES;
				GCC_WARN_UNINITIALIZED_AUTOS = YES_AGGRESSIVE;
				GCC_WARN_UNUSED_FUNCTION = YES;
				GCC_WARN_UNUSED_VARIABLE = YES;
				IPHONEOS_DEPLOYMENT_TARGET = 11.3;
				MTL_ENABLE_DEBUG_INFO = NO;
				SDKROOT = iphoneos;
				SWIFT_COMPILATION_MODE = wholemodule;
				SWIFT_OPTIMIZATION_LEVEL = "-O";
				VALIDATE_PRODUCT = YES;
			};
			name = Release;
		};
		E9DBF98F2127806A00CFD933 /* Debug */ = {
			isa = XCBuildConfiguration;
			buildSettings = {
				ASSETCATALOG_COMPILER_APPICON_NAME = AppIcon;
				CODE_SIGN_STYLE = Automatic;
				DEVELOPMENT_TEAM = 93GQ7UQBL3;
				INFOPLIST_FILE = RescueApp/Info.plist;
				IPHONEOS_DEPLOYMENT_TARGET = 11.0;
				LD_RUNPATH_SEARCH_PATHS = (
					"$(inherited)",
					"@executable_path/Frameworks",
				);
				PRODUCT_BUNDLE_IDENTIFIER = com.kerala.RescueApp;
				PRODUCT_NAME = "$(TARGET_NAME)";
				SWIFT_VERSION = 4.0;
				TARGETED_DEVICE_FAMILY = "1,2";
			};
			name = Debug;
		};
		E9DBF9902127806A00CFD933 /* Release */ = {
			isa = XCBuildConfiguration;
			buildSettings = {
				ASSETCATALOG_COMPILER_APPICON_NAME = AppIcon;
				CODE_SIGN_STYLE = Automatic;
				DEVELOPMENT_TEAM = 93GQ7UQBL3;
				INFOPLIST_FILE = RescueApp/Info.plist;
				IPHONEOS_DEPLOYMENT_TARGET = 11.0;
				LD_RUNPATH_SEARCH_PATHS = (
					"$(inherited)",
					"@executable_path/Frameworks",
				);
				PRODUCT_BUNDLE_IDENTIFIER = com.kerala.RescueApp;
				PRODUCT_NAME = "$(TARGET_NAME)";
				SWIFT_VERSION = 4.0;
				TARGETED_DEVICE_FAMILY = "1,2";
			};
			name = Release;
		};
		E9DBF9922127806A00CFD933 /* Debug */ = {
			isa = XCBuildConfiguration;
			buildSettings = {
				ALWAYS_EMBED_SWIFT_STANDARD_LIBRARIES = YES;
				BUNDLE_LOADER = "$(TEST_HOST)";
				CODE_SIGN_STYLE = Automatic;
				DEVELOPMENT_TEAM = X6N62J5SQP;
				INFOPLIST_FILE = RescueAppTests/Info.plist;
				LD_RUNPATH_SEARCH_PATHS = (
					"$(inherited)",
					"@executable_path/Frameworks",
					"@loader_path/Frameworks",
				);
				PRODUCT_BUNDLE_IDENTIFIER = com.kerala.RescueAppTests;
				PRODUCT_NAME = "$(TARGET_NAME)";
				SWIFT_VERSION = 4.0;
				TARGETED_DEVICE_FAMILY = "1,2";
				TEST_HOST = "$(BUILT_PRODUCTS_DIR)/RescueApp.app/RescueApp";
			};
			name = Debug;
		};
		E9DBF9932127806A00CFD933 /* Release */ = {
			isa = XCBuildConfiguration;
			buildSettings = {
				ALWAYS_EMBED_SWIFT_STANDARD_LIBRARIES = YES;
				BUNDLE_LOADER = "$(TEST_HOST)";
				CODE_SIGN_STYLE = Automatic;
				DEVELOPMENT_TEAM = X6N62J5SQP;
				INFOPLIST_FILE = RescueAppTests/Info.plist;
				LD_RUNPATH_SEARCH_PATHS = (
					"$(inherited)",
					"@executable_path/Frameworks",
					"@loader_path/Frameworks",
				);
				PRODUCT_BUNDLE_IDENTIFIER = com.kerala.RescueAppTests;
				PRODUCT_NAME = "$(TARGET_NAME)";
				SWIFT_VERSION = 4.0;
				TARGETED_DEVICE_FAMILY = "1,2";
				TEST_HOST = "$(BUILT_PRODUCTS_DIR)/RescueApp.app/RescueApp";
			};
			name = Release;
		};
		E9DBF9952127806A00CFD933 /* Debug */ = {
			isa = XCBuildConfiguration;
			buildSettings = {
				ALWAYS_EMBED_SWIFT_STANDARD_LIBRARIES = YES;
				CODE_SIGN_STYLE = Automatic;
				DEVELOPMENT_TEAM = X6N62J5SQP;
				INFOPLIST_FILE = RescueAppUITests/Info.plist;
				LD_RUNPATH_SEARCH_PATHS = (
					"$(inherited)",
					"@executable_path/Frameworks",
					"@loader_path/Frameworks",
				);
				PRODUCT_BUNDLE_IDENTIFIER = com.kerala.RescueAppUITests;
				PRODUCT_NAME = "$(TARGET_NAME)";
				SWIFT_VERSION = 4.0;
				TARGETED_DEVICE_FAMILY = "1,2";
				TEST_TARGET_NAME = RescueApp;
			};
			name = Debug;
		};
		E9DBF9962127806A00CFD933 /* Release */ = {
			isa = XCBuildConfiguration;
			buildSettings = {
				ALWAYS_EMBED_SWIFT_STANDARD_LIBRARIES = YES;
				CODE_SIGN_STYLE = Automatic;
				DEVELOPMENT_TEAM = X6N62J5SQP;
				INFOPLIST_FILE = RescueAppUITests/Info.plist;
				LD_RUNPATH_SEARCH_PATHS = (
					"$(inherited)",
					"@executable_path/Frameworks",
					"@loader_path/Frameworks",
				);
				PRODUCT_BUNDLE_IDENTIFIER = com.kerala.RescueAppUITests;
				PRODUCT_NAME = "$(TARGET_NAME)";
				SWIFT_VERSION = 4.0;
				TARGETED_DEVICE_FAMILY = "1,2";
				TEST_TARGET_NAME = RescueApp;
			};
			name = Release;
		};
/* End XCBuildConfiguration section */

/* Begin XCConfigurationList section */
		E9DBF9612127806700CFD933 /* Build configuration list for PBXProject "RescueApp" */ = {
			isa = XCConfigurationList;
			buildConfigurations = (
				E9DBF98C2127806A00CFD933 /* Debug */,
				E9DBF98D2127806A00CFD933 /* Release */,
			);
			defaultConfigurationIsVisible = 0;
			defaultConfigurationName = Release;
		};
		E9DBF98E2127806A00CFD933 /* Build configuration list for PBXNativeTarget "RescueApp" */ = {
			isa = XCConfigurationList;
			buildConfigurations = (
				E9DBF98F2127806A00CFD933 /* Debug */,
				E9DBF9902127806A00CFD933 /* Release */,
			);
			defaultConfigurationIsVisible = 0;
			defaultConfigurationName = Release;
		};
		E9DBF9912127806A00CFD933 /* Build configuration list for PBXNativeTarget "RescueAppTests" */ = {
			isa = XCConfigurationList;
			buildConfigurations = (
				E9DBF9922127806A00CFD933 /* Debug */,
				E9DBF9932127806A00CFD933 /* Release */,
			);
			defaultConfigurationIsVisible = 0;
			defaultConfigurationName = Release;
		};
		E9DBF9942127806A00CFD933 /* Build configuration list for PBXNativeTarget "RescueAppUITests" */ = {
			isa = XCConfigurationList;
			buildConfigurations = (
				E9DBF9952127806A00CFD933 /* Debug */,
				E9DBF9962127806A00CFD933 /* Release */,
			);
			defaultConfigurationIsVisible = 0;
			defaultConfigurationName = Release;
		};
/* End XCConfigurationList section */
	};
	rootObject = E9DBF95E2127806700CFD933 /* Project object */;
}
